// !$*UTF8*$!
{
	archiveVersion = 1;
	classes = {
	};
	objectVersion = 46;
	objects = {

/* Begin PBXBuildFile section */
		AF2D7A8B1A0130E70012434B /* AppDelegate.swift in Sources */ = {isa = PBXBuildFile; fileRef = AF2D7A8A1A0130E70012434B /* AppDelegate.swift */; };
		AF2D7A8D1A0130E70012434B /* ViewController.swift in Sources */ = {isa = PBXBuildFile; fileRef = AF2D7A8C1A0130E70012434B /* ViewController.swift */; };
		AF2D7A901A0130E70012434B /* Main.storyboard in Resources */ = {isa = PBXBuildFile; fileRef = AF2D7A8E1A0130E70012434B /* Main.storyboard */; };
		AF2D7A921A0130E70012434B /* Images.xcassets in Resources */ = {isa = PBXBuildFile; fileRef = AF2D7A911A0130E70012434B /* Images.xcassets */; };
		AF2D7A951A0130E70012434B /* LaunchScreen.xib in Resources */ = {isa = PBXBuildFile; fileRef = AF2D7A931A0130E70012434B /* LaunchScreen.xib */; };
		AF2D7AA11A0130E70012434B /* CalendarioTests.swift in Sources */ = {isa = PBXBuildFile; fileRef = AF2D7AA01A0130E70012434B /* CalendarioTests.swift */; };
/* End PBXBuildFile section */

/* Begin PBXContainerItemProxy section */
		AF2D7A9B1A0130E70012434B /* PBXContainerItemProxy */ = {
			isa = PBXContainerItemProxy;
			containerPortal = AF2D7A7D1A0130E70012434B /* Project object */;
			proxyType = 1;
			remoteGlobalIDString = AF2D7A841A0130E70012434B;
			remoteInfo = Calendario;
		};
/* End PBXContainerItemProxy section */

/* Begin PBXFileReference section */
		AF2D7A851A0130E70012434B /* Calendario.app */ = {isa = PBXFileReference; explicitFileType = wrapper.application; includeInIndex = 0; path = Calendario.app; sourceTree = BUILT_PRODUCTS_DIR; };
		AF2D7A891A0130E70012434B /* Info.plist */ = {isa = PBXFileReference; lastKnownFileType = text.plist.xml; path = Info.plist; sourceTree = "<group>"; };
		AF2D7A8A1A0130E70012434B /* AppDelegate.swift */ = {isa = PBXFileReference; lastKnownFileType = sourcecode.swift; path = AppDelegate.swift; sourceTree = "<group>"; };
		AF2D7A8C1A0130E70012434B /* ViewController.swift */ = {isa = PBXFileReference; lastKnownFileType = sourcecode.swift; path = ViewController.swift; sourceTree = "<group>"; };
		AF2D7A8F1A0130E70012434B /* Base */ = {isa = PBXFileReference; lastKnownFileType = file.storyboard; name = Base; path = Base.lproj/Main.storyboard; sourceTree = "<group>"; };
		AF2D7A911A0130E70012434B /* Images.xcassets */ = {isa = PBXFileReference; lastKnownFileType = folder.assetcatalog; path = Images.xcassets; sourceTree = "<group>"; };
		AF2D7A941A0130E70012434B /* Base */ = {isa = PBXFileReference; lastKnownFileType = file.xib; name = Base; path = Base.lproj/LaunchScreen.xib; sourceTree = "<group>"; };
		AF2D7A9A1A0130E70012434B /* CalendarioTests.xctest */ = {isa = PBXFileReference; explicitFileType = wrapper.cfbundle; includeInIndex = 0; path = CalendarioTests.xctest; sourceTree = BUILT_PRODUCTS_DIR; };
		AF2D7A9F1A0130E70012434B /* Info.plist */ = {isa = PBXFileReference; lastKnownFileType = text.plist.xml; path = Info.plist; sourceTree = "<group>"; };
		AF2D7AA01A0130E70012434B /* CalendarioTests.swift */ = {isa = PBXFileReference; lastKnownFileType = sourcecode.swift; path = CalendarioTests.swift; sourceTree = "<group>"; };
/* End PBXFileReference section */

/* Begin PBXFrameworksBuildPhase section */
		AF2D7A821A0130E70012434B /* Frameworks */ = {
			isa = PBXFrameworksBuildPhase;
			buildActionMask = 2147483647;
			files = (
			);
			runOnlyForDeploymentPostprocessing = 0;
		};
		AF2D7A971A0130E70012434B /* Frameworks */ = {
			isa = PBXFrameworksBuildPhase;
			buildActionMask = 2147483647;
			files = (
			);
			runOnlyForDeploymentPostprocessing = 0;
		};
/* End PBXFrameworksBuildPhase section */

/* Begin PBXGroup section */
		AF2D7A7C1A0130E70012434B = {
			isa = PBXGroup;
			children = (
				AF2D7A871A0130E70012434B /* Calendario */,
				AF2D7A9D1A0130E70012434B /* CalendarioTests */,
				AF2D7A861A0130E70012434B /* Products */,
			);
			sourceTree = "<group>";
		};
		AF2D7A861A0130E70012434B /* Products */ = {
			isa = PBXGroup;
			children = (
				AF2D7A851A0130E70012434B /* Calendario.app */,
				AF2D7A9A1A0130E70012434B /* CalendarioTests.xctest */,
			);
			name = Products;
			sourceTree = "<group>";
		};
		AF2D7A871A0130E70012434B /* Calendario */ = {
			isa = PBXGroup;
			children = (
				AF2D7A8A1A0130E70012434B /* AppDelegate.swift */,
				AF2D7A8C1A0130E70012434B /* ViewController.swift */,
				AF2D7A8E1A0130E70012434B /* Main.storyboard */,
				AF2D7A911A0130E70012434B /* Images.xcassets */,
				AF2D7A931A0130E70012434B /* LaunchScreen.xib */,
				AF2D7A881A0130E70012434B /* Supporting Files */,
			);
			path = Calendario;
			sourceTree = "<group>";
		};
		AF2D7A881A0130E70012434B /* Supporting Files */ = {
			isa = PBXGroup;
			children = (
				AF2D7A891A0130E70012434B /* Info.plist */,
			);
			name = "Supporting Files";
			sourceTree = "<group>";
		};
		AF2D7A9D1A0130E70012434B /* CalendarioTests */ = {
			isa = PBXGroup;
			children = (
				AF2D7AA01A0130E70012434B /* CalendarioTests.swift */,
				AF2D7A9E1A0130E70012434B /* Supporting Files */,
			);
			path = CalendarioTests;
			sourceTree = "<group>";
		};
		AF2D7A9E1A0130E70012434B /* Supporting Files */ = {
			isa = PBXGroup;
			children = (
				AF2D7A9F1A0130E70012434B /* Info.plist */,
			);
			name = "Supporting Files";
			sourceTree = "<group>";
		};
/* End PBXGroup section */

/* Begin PBXNativeTarget section */
		AF2D7A841A0130E70012434B /* Calendario */ = {
			isa = PBXNativeTarget;
			buildConfigurationList = AF2D7AA41A0130E70012434B /* Build configuration list for PBXNativeTarget "Calendario" */;
			buildPhases = (
				AF2D7A811A0130E70012434B /* Sources */,
				AF2D7A821A0130E70012434B /* Frameworks */,
				AF2D7A831A0130E70012434B /* Resources */,
			);
			buildRules = (
			);
			dependencies = (
			);
			name = Calendario;
			productName = Calendario;
			productReference = AF2D7A851A0130E70012434B /* Calendario.app */;
			productType = "com.apple.product-type.application";
		};
		AF2D7A991A0130E70012434B /* CalendarioTests */ = {
			isa = PBXNativeTarget;
			buildConfigurationList = AF2D7AA71A0130E70012434B /* Build configuration list for PBXNativeTarget "CalendarioTests" */;
			buildPhases = (
				AF2D7A961A0130E70012434B /* Sources */,
				AF2D7A971A0130E70012434B /* Frameworks */,
				AF2D7A981A0130E70012434B /* Resources */,
			);
			buildRules = (
			);
			dependencies = (
				AF2D7A9C1A0130E70012434B /* PBXTargetDependency */,
			);
			name = CalendarioTests;
			productName = CalendarioTests;
			productReference = AF2D7A9A1A0130E70012434B /* CalendarioTests.xctest */;
			productType = "com.apple.product-type.bundle.unit-test";
		};
/* End PBXNativeTarget section */

/* Begin PBXProject section */
		AF2D7A7D1A0130E70012434B /* Project object */ = {
			isa = PBXProject;
			attributes = {
				LastUpgradeCheck = 0610;
				ORGANIZATIONNAME = iai;
				TargetAttributes = {
					AF2D7A841A0130E70012434B = {
						CreatedOnToolsVersion = 6.1;
					};
					AF2D7A991A0130E70012434B = {
						CreatedOnToolsVersion = 6.1;
						TestTargetID = AF2D7A841A0130E70012434B;
					};
				};
			};
			buildConfigurationList = AF2D7A801A0130E70012434B /* Build configuration list for PBXProject "Calendario" */;
			compatibilityVersion = "Xcode 3.2";
			developmentRegion = English;
			hasScannedForEncodings = 0;
			knownRegions = (
				en,
				Base,
			);
			mainGroup = AF2D7A7C1A0130E70012434B;
			productRefGroup = AF2D7A861A0130E70012434B /* Products */;
			projectDirPath = "";
			projectRoot = "";
			targets = (
				AF2D7A841A0130E70012434B /* Calendario */,
				AF2D7A991A0130E70012434B /* CalendarioTests */,
			);
		};
/* End PBXProject section */

/* Begin PBXResourcesBuildPhase section */
		AF2D7A831A0130E70012434B /* Resources */ = {
			isa = PBXResourcesBuildPhase;
			buildActionMask = 2147483647;
			files = (
				AF2D7A901A0130E70012434B /* Main.storyboard in Resources */,
				AF2D7A951A0130E70012434B /* LaunchScreen.xib in Resources */,
				AF2D7A921A0130E70012434B /* Images.xcassets in Resources */,
			);
			runOnlyForDeploymentPostprocessing = 0;
		};
		AF2D7A981A0130E70012434B /* Resources */ = {
			isa = PBXResourcesBuildPhase;
			buildActionMask = 2147483647;
			files = (
			);
			runOnlyForDeploymentPostprocessing = 0;
		};
/* End PBXResourcesBuildPhase section */

/* Begin PBXSourcesBuildPhase section */
		AF2D7A811A0130E70012434B /* Sources */ = {
			isa = PBXSourcesBuildPhase;
			buildActionMask = 2147483647;
			files = (
				AF2D7A8D1A0130E70012434B /* ViewController.swift in Sources */,
				AF2D7A8B1A0130E70012434B /* AppDelegate.swift in Sources */,
			);
			runOnlyForDeploymentPostprocessing = 0;
		};
		AF2D7A961A0130E70012434B /* Sources */ = {
			isa = PBXSourcesBuildPhase;
			buildActionMask = 2147483647;
			files = (
				AF2D7AA11A0130E70012434B /* CalendarioTests.swift in Sources */,
			);
			runOnlyForDeploymentPostprocessing = 0;
		};
/* End PBXSourcesBuildPhase section */

/* Begin PBXTargetDependency section */
		AF2D7A9C1A0130E70012434B /* PBXTargetDependency */ = {
			isa = PBXTargetDependency;
			target = AF2D7A841A0130E70012434B /* Calendario */;
			targetProxy = AF2D7A9B1A0130E70012434B /* PBXContainerItemProxy */;
		};
/* End PBXTargetDependency section */

/* Begin PBXVariantGroup section */
		AF2D7A8E1A0130E70012434B /* Main.storyboard */ = {
			isa = PBXVariantGroup;
			children = (
				AF2D7A8F1A0130E70012434B /* Base */,
			);
			name = Main.storyboard;
			sourceTree = "<group>";
		};
		AF2D7A931A0130E70012434B /* LaunchScreen.xib */ = {
			isa = PBXVariantGroup;
			children = (
				AF2D7A941A0130E70012434B /* Base */,
			);
			name = LaunchScreen.xib;
			sourceTree = "<group>";
		};
/* End PBXVariantGroup section */

/* Begin XCBuildConfiguration section */
		AF2D7AA21A0130E70012434B /* Debug */ = {
			isa = XCBuildConfiguration;
			buildSettings = {
				ALWAYS_SEARCH_USER_PATHS = NO;
				CLANG_CXX_LANGUAGE_STANDARD = "gnu++0x";
				CLANG_CXX_LIBRARY = "libc++";
				CLANG_ENABLE_MODULES = YES;
				CLANG_ENABLE_OBJC_ARC = YES;
				CLANG_WARN_BOOL_CONVERSION = YES;
				CLANG_WARN_CONSTANT_CONVERSION = YES;
				CLANG_WARN_DIRECT_OBJC_ISA_USAGE = YES_ERROR;
				CLANG_WARN_EMPTY_BODY = YES;
				CLANG_WARN_ENUM_CONVERSION = YES;
				CLANG_WARN_INT_CONVERSION = YES;
				CLANG_WARN_OBJC_ROOT_CLASS = YES_ERROR;
				CLANG_WARN_UNREACHABLE_CODE = YES;
				CLANG_WARN__DUPLICATE_METHOD_MATCH = YES;
				"CODE_SIGN_IDENTITY[sdk=iphoneos*]" = "iPhone Developer";
				COPY_PHASE_STRIP = NO;
				ENABLE_STRICT_OBJC_MSGSEND = YES;
				GCC_C_LANGUAGE_STANDARD = gnu99;
				GCC_DYNAMIC_NO_PIC = NO;
				GCC_OPTIMIZATION_LEVEL = 0;
				GCC_PREPROCESSOR_DEFINITIONS = (
					"DEBUG=1",
					"$(inherited)",
				);
				GCC_SYMBOLS_PRIVATE_EXTERN = NO;
				GCC_WARN_64_TO_32_BIT_CONVERSION = YES;
				GCC_WARN_ABOUT_RETURN_TYPE = YES_ERROR;
				GCC_WARN_UNDECLARED_SELECTOR = YES;
				GCC_WARN_UNINITIALIZED_AUTOS = YES_AGGRESSIVE;
				GCC_WARN_UNUSED_FUNCTION = YES;
				GCC_WARN_UNUSED_VARIABLE = YES;
				IPHONEOS_DEPLOYMENT_TARGET = 8.1;
				MTL_ENABLE_DEBUG_INFO = YES;
				ONLY_ACTIVE_ARCH = YES;
				SDKROOT = iphoneos;
				SWIFT_OPTIMIZATION_LEVEL = "-Onone";
				TARGETED_DEVICE_FAMILY = "1,2";
			};
			name = Debug;
		};
		AF2D7AA31A0130E70012434B /* Release */ = {
			isa = XCBuildConfiguration;
			buildSettings = {
				ALWAYS_SEARCH_USER_PATHS = NO;
				CLANG_CXX_LANGUAGE_STANDARD = "gnu++0x";
				CLANG_CXX_LIBRARY = "libc++";
				CLANG_ENABLE_MODULES = YES;
				CLANG_ENABLE_OBJC_ARC = YES;
				CLANG_WARN_BOOL_CONVERSION = YES;
				CLANG_WARN_CONSTANT_CONVERSION = YES;
				CLANG_WARN_DIRECT_OBJC_ISA_USAGE = YES_ERROR;
				CLANG_WARN_EMPTY_BODY = YES;
				CLANG_WARN_ENUM_CONVERSION = YES;
				CLANG_WARN_INT_CONVERSION = YES;
				CLANG_WARN_OBJC_ROOT_CLASS = YES_ERROR;
				CLANG_WARN_UNREACHABLE_CODE = YES;
				CLANG_WARN__DUPLICATE_METHOD_MATCH = YES;
				"CODE_SIGN_IDENTITY[sdk=iphoneos*]" = "iPhone Developer";
				COPY_PHASE_STRIP = YES;
				ENABLE_NS_ASSERTIONS = NO;
				ENABLE_STRICT_OBJC_MSGSEND = YES;
				GCC_C_LANGUAGE_STANDARD = gnu99;
				GCC_WARN_64_TO_32_BIT_CONVERSION = YES;
				GCC_WARN_ABOUT_RETURN_TYPE = YES_ERROR;
				GCC_WARN_UNDECLARED_SELECTOR = YES;
				GCC_WARN_UNINITIALIZED_AUTOS = YES_AGGRESSIVE;
				GCC_WARN_UNUSED_FUNCTION = YES;
				GCC_WARN_UNUSED_VARIABLE = YES;
				IPHONEOS_DEPLOYMENT_TARGET = 8.1;
				MTL_ENABLE_DEBUG_INFO = NO;
				SDKROOT = iphoneos;
				TARGETED_DEVICE_FAMILY = "1,2";
				VALIDATE_PRODUCT = YES;
			};
			name = Release;
		};
		AF2D7AA51A0130E70012434B /* Debug */ = {
			isa = XCBuildConfiguration;
			buildSettings = {
				ASSETCATALOG_COMPILER_APPICON_NAME = AppIcon;
				INFOPLIST_FILE = Calendario/Info.plist;
				LD_RUNPATH_SEARCH_PATHS = "$(inherited) @executable_path/Frameworks";
				PRODUCT_NAME = "$(TARGET_NAME)";
			};
			name = Debug;
		};
		AF2D7AA61A0130E70012434B /* Release */ = {
			isa = XCBuildConfiguration;
			buildSettings = {
				ASSETCATALOG_COMPILER_APPICON_NAME = AppIcon;
				INFOPLIST_FILE = Calendario/Info.plist;
				LD_RUNPATH_SEARCH_PATHS = "$(inherited) @executable_path/Frameworks";
				PRODUCT_NAME = "$(TARGET_NAME)";
			};
			name = Release;
		};
		AF2D7AA81A0130E70012434B /* Debug */ = {
			isa = XCBuildConfiguration;
			buildSettings = {
				BUNDLE_LOADER = "$(TEST_HOST)";
				FRAMEWORK_SEARCH_PATHS = (
					"$(SDKROOT)/Developer/Library/Frameworks",
					"$(inherited)",
				);
				GCC_PREPROCESSOR_DEFINITIONS = (
					"DEBUG=1",
					"$(inherited)",
				);
				INFOPLIST_FILE = CalendarioTests/Info.plist;
				LD_RUNPATH_SEARCH_PATHS = "$(inherited) @executable_path/Frameworks @loader_path/Frameworks";
				PRODUCT_NAME = "$(TARGET_NAME)";
				TEST_HOST = "$(BUILT_PRODUCTS_DIR)/Calendario.app/Calendario";
			};
			name = Debug;
		};
		AF2D7AA91A0130E70012434B /* Release */ = {
			isa = XCBuildConfiguration;
			buildSettings = {
				BUNDLE_LOADER = "$(TEST_HOST)";
				FRAMEWORK_SEARCH_PATHS = (
					"$(SDKROOT)/Developer/Library/Frameworks",
					"$(inherited)",
				);
				INFOPLIST_FILE = CalendarioTests/Info.plist;
				LD_RUNPATH_SEARCH_PATHS = "$(inherited) @executable_path/Frameworks @loader_path/Frameworks";
				PRODUCT_NAME = "$(TARGET_NAME)";
				TEST_HOST = "$(BUILT_PRODUCTS_DIR)/Calendario.app/Calendario";
			};
			name = Release;
		};
/* End XCBuildConfiguration section */

/* Begin XCConfigurationList section */
		AF2D7A801A0130E70012434B /* Build configuration list for PBXProject "Calendario" */ = {
			isa = XCConfigurationList;
			buildConfigurations = (
				AF2D7AA21A0130E70012434B /* Debug */,
				AF2D7AA31A0130E70012434B /* Release */,
			);
			defaultConfigurationIsVisible = 0;
			defaultConfigurationName = Release;
		};
		AF2D7AA41A0130E70012434B /* Build configuration list for PBXNativeTarget "Calendario" */ = {
			isa = XCConfigurationList;
			buildConfigurations = (
				AF2D7AA51A0130E70012434B /* Debug */,
				AF2D7AA61A0130E70012434B /* Release */,
			);
			defaultConfigurationIsVisible = 0;
		};
		AF2D7AA71A0130E70012434B /* Build configuration list for PBXNativeTarget "CalendarioTests" */ = {
			isa = XCConfigurationList;
			buildConfigurations = (
				AF2D7AA81A0130E70012434B /* Debug */,
				AF2D7AA91A0130E70012434B /* Release */,
			);
			defaultConfigurationIsVisible = 0;
		};
/* End XCConfigurationList section */
	};
	rootObject = AF2D7A7D1A0130E70012434B /* Project object */;
}
