// !$*UTF8*$!
{
	archiveVersion = 1;
	classes = {
	};
	objectVersion = 46;
	objects = {

/* Begin PBXBuildFile section */
		9A502B791B2B17FD007F333A /* AppDelegate.swift in Sources */ = {isa = PBXBuildFile; fileRef = 9A502B781B2B17FD007F333A /* AppDelegate.swift */; };
		9A502B7B1B2B17FD007F333A /* ViewController.swift in Sources */ = {isa = PBXBuildFile; fileRef = 9A502B7A1B2B17FD007F333A /* ViewController.swift */; };
		9A502B7E1B2B17FD007F333A /* Main.storyboard in Resources */ = {isa = PBXBuildFile; fileRef = 9A502B7C1B2B17FD007F333A /* Main.storyboard */; };
		9A502B801B2B17FD007F333A /* Images.xcassets in Resources */ = {isa = PBXBuildFile; fileRef = 9A502B7F1B2B17FD007F333A /* Images.xcassets */; };
		9A502B831B2B17FD007F333A /* LaunchScreen.xib in Resources */ = {isa = PBXBuildFile; fileRef = 9A502B811B2B17FD007F333A /* LaunchScreen.xib */; };
		9A502B8F1B2B17FD007F333A /* LoginWebServiceTests.swift in Sources */ = {isa = PBXBuildFile; fileRef = 9A502B8E1B2B17FD007F333A /* LoginWebServiceTests.swift */; };
/* End PBXBuildFile section */

/* Begin PBXContainerItemProxy section */
		9A502B891B2B17FD007F333A /* PBXContainerItemProxy */ = {
			isa = PBXContainerItemProxy;
			containerPortal = 9A502B6B1B2B17FD007F333A /* Project object */;
			proxyType = 1;
			remoteGlobalIDString = 9A502B721B2B17FD007F333A;
			remoteInfo = LoginWebService;
		};
/* End PBXContainerItemProxy section */

/* Begin PBXFileReference section */
		9A502B731B2B17FD007F333A /* LoginWebService.app */ = {isa = PBXFileReference; explicitFileType = wrapper.application; includeInIndex = 0; path = LoginWebService.app; sourceTree = BUILT_PRODUCTS_DIR; };
		9A502B771B2B17FD007F333A /* Info.plist */ = {isa = PBXFileReference; lastKnownFileType = text.plist.xml; path = Info.plist; sourceTree = "<group>"; };
		9A502B781B2B17FD007F333A /* AppDelegate.swift */ = {isa = PBXFileReference; lastKnownFileType = sourcecode.swift; path = AppDelegate.swift; sourceTree = "<group>"; };
		9A502B7A1B2B17FD007F333A /* ViewController.swift */ = {isa = PBXFileReference; lastKnownFileType = sourcecode.swift; path = ViewController.swift; sourceTree = "<group>"; };
		9A502B7D1B2B17FD007F333A /* Base */ = {isa = PBXFileReference; lastKnownFileType = file.storyboard; name = Base; path = Base.lproj/Main.storyboard; sourceTree = "<group>"; };
		9A502B7F1B2B17FD007F333A /* Images.xcassets */ = {isa = PBXFileReference; lastKnownFileType = folder.assetcatalog; path = Images.xcassets; sourceTree = "<group>"; };
		9A502B821B2B17FD007F333A /* Base */ = {isa = PBXFileReference; lastKnownFileType = file.xib; name = Base; path = Base.lproj/LaunchScreen.xib; sourceTree = "<group>"; };
		9A502B881B2B17FD007F333A /* LoginWebServiceTests.xctest */ = {isa = PBXFileReference; explicitFileType = wrapper.cfbundle; includeInIndex = 0; path = LoginWebServiceTests.xctest; sourceTree = BUILT_PRODUCTS_DIR; };
		9A502B8D1B2B17FD007F333A /* Info.plist */ = {isa = PBXFileReference; lastKnownFileType = text.plist.xml; path = Info.plist; sourceTree = "<group>"; };
		9A502B8E1B2B17FD007F333A /* LoginWebServiceTests.swift */ = {isa = PBXFileReference; lastKnownFileType = sourcecode.swift; path = LoginWebServiceTests.swift; sourceTree = "<group>"; };
/* End PBXFileReference section */

/* Begin PBXFrameworksBuildPhase section */
		9A502B701B2B17FD007F333A /* Frameworks */ = {
			isa = PBXFrameworksBuildPhase;
			buildActionMask = 2147483647;
			files = (
			);
			runOnlyForDeploymentPostprocessing = 0;
		};
		9A502B851B2B17FD007F333A /* Frameworks */ = {
			isa = PBXFrameworksBuildPhase;
			buildActionMask = 2147483647;
			files = (
			);
			runOnlyForDeploymentPostprocessing = 0;
		};
/* End PBXFrameworksBuildPhase section */

/* Begin PBXGroup section */
		9A502B6A1B2B17FD007F333A = {
			isa = PBXGroup;
			children = (
				9A502B751B2B17FD007F333A /* LoginWebService */,
				9A502B8B1B2B17FD007F333A /* LoginWebServiceTests */,
				9A502B741B2B17FD007F333A /* Products */,
			);
			sourceTree = "<group>";
		};
		9A502B741B2B17FD007F333A /* Products */ = {
			isa = PBXGroup;
			children = (
				9A502B731B2B17FD007F333A /* LoginWebService.app */,
				9A502B881B2B17FD007F333A /* LoginWebServiceTests.xctest */,
			);
			name = Products;
			sourceTree = "<group>";
		};
		9A502B751B2B17FD007F333A /* LoginWebService */ = {
			isa = PBXGroup;
			children = (
				9A502B781B2B17FD007F333A /* AppDelegate.swift */,
				9A502B7A1B2B17FD007F333A /* ViewController.swift */,
				9A502B7C1B2B17FD007F333A /* Main.storyboard */,
				9A502B7F1B2B17FD007F333A /* Images.xcassets */,
				9A502B811B2B17FD007F333A /* LaunchScreen.xib */,
				9A502B761B2B17FD007F333A /* Supporting Files */,
			);
			path = LoginWebService;
			sourceTree = "<group>";
		};
		9A502B761B2B17FD007F333A /* Supporting Files */ = {
			isa = PBXGroup;
			children = (
				9A502B771B2B17FD007F333A /* Info.plist */,
			);
			name = "Supporting Files";
			sourceTree = "<group>";
		};
		9A502B8B1B2B17FD007F333A /* LoginWebServiceTests */ = {
			isa = PBXGroup;
			children = (
				9A502B8E1B2B17FD007F333A /* LoginWebServiceTests.swift */,
				9A502B8C1B2B17FD007F333A /* Supporting Files */,
			);
			path = LoginWebServiceTests;
			sourceTree = "<group>";
		};
		9A502B8C1B2B17FD007F333A /* Supporting Files */ = {
			isa = PBXGroup;
			children = (
				9A502B8D1B2B17FD007F333A /* Info.plist */,
			);
			name = "Supporting Files";
			sourceTree = "<group>";
		};
/* End PBXGroup section */

/* Begin PBXNativeTarget section */
		9A502B721B2B17FD007F333A /* LoginWebService */ = {
			isa = PBXNativeTarget;
			buildConfigurationList = 9A502B921B2B17FD007F333A /* Build configuration list for PBXNativeTarget "LoginWebService" */;
			buildPhases = (
				9A502B6F1B2B17FD007F333A /* Sources */,
				9A502B701B2B17FD007F333A /* Frameworks */,
				9A502B711B2B17FD007F333A /* Resources */,
			);
			buildRules = (
			);
			dependencies = (
			);
			name = LoginWebService;
			productName = LoginWebService;
			productReference = 9A502B731B2B17FD007F333A /* LoginWebService.app */;
			productType = "com.apple.product-type.application";
		};
		9A502B871B2B17FD007F333A /* LoginWebServiceTests */ = {
			isa = PBXNativeTarget;
			buildConfigurationList = 9A502B951B2B17FD007F333A /* Build configuration list for PBXNativeTarget "LoginWebServiceTests" */;
			buildPhases = (
				9A502B841B2B17FD007F333A /* Sources */,
				9A502B851B2B17FD007F333A /* Frameworks */,
				9A502B861B2B17FD007F333A /* Resources */,
			);
			buildRules = (
			);
			dependencies = (
				9A502B8A1B2B17FD007F333A /* PBXTargetDependency */,
			);
			name = LoginWebServiceTests;
			productName = LoginWebServiceTests;
			productReference = 9A502B881B2B17FD007F333A /* LoginWebServiceTests.xctest */;
			productType = "com.apple.product-type.bundle.unit-test";
		};
/* End PBXNativeTarget section */

/* Begin PBXProject section */
		9A502B6B1B2B17FD007F333A /* Project object */ = {
			isa = PBXProject;
			attributes = {
				LastUpgradeCheck = 0630;
				ORGANIZATIONNAME = iai;
				TargetAttributes = {
					9A502B721B2B17FD007F333A = {
						CreatedOnToolsVersion = 6.3.2;
					};
					9A502B871B2B17FD007F333A = {
						CreatedOnToolsVersion = 6.3.2;
						TestTargetID = 9A502B721B2B17FD007F333A;
					};
				};
			};
			buildConfigurationList = 9A502B6E1B2B17FD007F333A /* Build configuration list for PBXProject "LoginWebService" */;
			compatibilityVersion = "Xcode 3.2";
			developmentRegion = English;
			hasScannedForEncodings = 0;
			knownRegions = (
				en,
				Base,
			);
			mainGroup = 9A502B6A1B2B17FD007F333A;
			productRefGroup = 9A502B741B2B17FD007F333A /* Products */;
			projectDirPath = "";
			projectRoot = "";
			targets = (
				9A502B721B2B17FD007F333A /* LoginWebService */,
				9A502B871B2B17FD007F333A /* LoginWebServiceTests */,
			);
		};
/* End PBXProject section */

/* Begin PBXResourcesBuildPhase section */
		9A502B711B2B17FD007F333A /* Resources */ = {
			isa = PBXResourcesBuildPhase;
			buildActionMask = 2147483647;
			files = (
				9A502B7E1B2B17FD007F333A /* Main.storyboard in Resources */,
				9A502B831B2B17FD007F333A /* LaunchScreen.xib in Resources */,
				9A502B801B2B17FD007F333A /* Images.xcassets in Resources */,
			);
			runOnlyForDeploymentPostprocessing = 0;
		};
		9A502B861B2B17FD007F333A /* Resources */ = {
			isa = PBXResourcesBuildPhase;
			buildActionMask = 2147483647;
			files = (
			);
			runOnlyForDeploymentPostprocessing = 0;
		};
/* End PBXResourcesBuildPhase section */

/* Begin PBXSourcesBuildPhase section */
		9A502B6F1B2B17FD007F333A /* Sources */ = {
			isa = PBXSourcesBuildPhase;
			buildActionMask = 2147483647;
			files = (
				9A502B7B1B2B17FD007F333A /* ViewController.swift in Sources */,
				9A502B791B2B17FD007F333A /* AppDelegate.swift in Sources */,
			);
			runOnlyForDeploymentPostprocessing = 0;
		};
		9A502B841B2B17FD007F333A /* Sources */ = {
			isa = PBXSourcesBuildPhase;
			buildActionMask = 2147483647;
			files = (
				9A502B8F1B2B17FD007F333A /* LoginWebServiceTests.swift in Sources */,
			);
			runOnlyForDeploymentPostprocessing = 0;
		};
/* End PBXSourcesBuildPhase section */

/* Begin PBXTargetDependency section */
		9A502B8A1B2B17FD007F333A /* PBXTargetDependency */ = {
			isa = PBXTargetDependency;
			target = 9A502B721B2B17FD007F333A /* LoginWebService */;
			targetProxy = 9A502B891B2B17FD007F333A /* PBXContainerItemProxy */;
		};
/* End PBXTargetDependency section */

/* Begin PBXVariantGroup section */
		9A502B7C1B2B17FD007F333A /* Main.storyboard */ = {
			isa = PBXVariantGroup;
			children = (
				9A502B7D1B2B17FD007F333A /* Base */,
			);
			name = Main.storyboard;
			sourceTree = "<group>";
		};
		9A502B811B2B17FD007F333A /* LaunchScreen.xib */ = {
			isa = PBXVariantGroup;
			children = (
				9A502B821B2B17FD007F333A /* Base */,
			);
			name = LaunchScreen.xib;
			sourceTree = "<group>";
		};
/* End PBXVariantGroup section */

/* Begin XCBuildConfiguration section */
		9A502B901B2B17FD007F333A /* Debug */ = {
			isa = XCBuildConfiguration;
			buildSettings = {
				ALWAYS_SEARCH_USER_PATHS = NO;
				CLANG_CXX_LANGUAGE_STANDARD = "gnu++0x";
				CLANG_CXX_LIBRARY = "libc++";
				CLANG_ENABLE_MODULES = YES;
				CLANG_ENABLE_OBJC_ARC = YES;
				CLANG_WARN_BOOL_CONVERSION = YES;
				CLANG_WARN_CONSTANT_CONVERSION = YES;
				CLANG_WARN_DIRECT_OBJC_ISA_USAGE = YES_ERROR;
				CLANG_WARN_EMPTY_BODY = YES;
				CLANG_WARN_ENUM_CONVERSION = YES;
				CLANG_WARN_INT_CONVERSION = YES;
				CLANG_WARN_OBJC_ROOT_CLASS = YES_ERROR;
				CLANG_WARN_UNREACHABLE_CODE = YES;
				CLANG_WARN__DUPLICATE_METHOD_MATCH = YES;
				"CODE_SIGN_IDENTITY[sdk=iphoneos*]" = "iPhone Developer";
				COPY_PHASE_STRIP = NO;
				DEBUG_INFORMATION_FORMAT = "dwarf-with-dsym";
				ENABLE_STRICT_OBJC_MSGSEND = YES;
				GCC_C_LANGUAGE_STANDARD = gnu99;
				GCC_DYNAMIC_NO_PIC = NO;
				GCC_NO_COMMON_BLOCKS = YES;
				GCC_OPTIMIZATION_LEVEL = 0;
				GCC_PREPROCESSOR_DEFINITIONS = (
					"DEBUG=1",
					"$(inherited)",
				);
				GCC_SYMBOLS_PRIVATE_EXTERN = NO;
				GCC_WARN_64_TO_32_BIT_CONVERSION = YES;
				GCC_WARN_ABOUT_RETURN_TYPE = YES_ERROR;
				GCC_WARN_UNDECLARED_SELECTOR = YES;
				GCC_WARN_UNINITIALIZED_AUTOS = YES_AGGRESSIVE;
				GCC_WARN_UNUSED_FUNCTION = YES;
				GCC_WARN_UNUSED_VARIABLE = YES;
				IPHONEOS_DEPLOYMENT_TARGET = 8.3;
				MTL_ENABLE_DEBUG_INFO = YES;
				ONLY_ACTIVE_ARCH = YES;
				SDKROOT = iphoneos;
				SWIFT_OPTIMIZATION_LEVEL = "-Onone";
				TARGETED_DEVICE_FAMILY = "1,2";
			};
			name = Debug;
		};
		9A502B911B2B17FD007F333A /* Release */ = {
			isa = XCBuildConfiguration;
			buildSettings = {
				ALWAYS_SEARCH_USER_PATHS = NO;
				CLANG_CXX_LANGUAGE_STANDARD = "gnu++0x";
				CLANG_CXX_LIBRARY = "libc++";
				CLANG_ENABLE_MODULES = YES;
				CLANG_ENABLE_OBJC_ARC = YES;
				CLANG_WARN_BOOL_CONVERSION = YES;
				CLANG_WARN_CONSTANT_CONVERSION = YES;
				CLANG_WARN_DIRECT_OBJC_ISA_USAGE = YES_ERROR;
				CLANG_WARN_EMPTY_BODY = YES;
				CLANG_WARN_ENUM_CONVERSION = YES;
				CLANG_WARN_INT_CONVERSION = YES;
				CLANG_WARN_OBJC_ROOT_CLASS = YES_ERROR;
				CLANG_WARN_UNREACHABLE_CODE = YES;
				CLANG_WARN__DUPLICATE_METHOD_MATCH = YES;
				"CODE_SIGN_IDENTITY[sdk=iphoneos*]" = "iPhone Developer";
				COPY_PHASE_STRIP = NO;
				DEBUG_INFORMATION_FORMAT = "dwarf-with-dsym";
				ENABLE_NS_ASSERTIONS = NO;
				ENABLE_STRICT_OBJC_MSGSEND = YES;
				GCC_C_LANGUAGE_STANDARD = gnu99;
				GCC_NO_COMMON_BLOCKS = YES;
				GCC_WARN_64_TO_32_BIT_CONVERSION = YES;
				GCC_WARN_ABOUT_RETURN_TYPE = YES_ERROR;
				GCC_WARN_UNDECLARED_SELECTOR = YES;
				GCC_WARN_UNINITIALIZED_AUTOS = YES_AGGRESSIVE;
				GCC_WARN_UNUSED_FUNCTION = YES;
				GCC_WARN_UNUSED_VARIABLE = YES;
				IPHONEOS_DEPLOYMENT_TARGET = 8.3;
				MTL_ENABLE_DEBUG_INFO = NO;
				SDKROOT = iphoneos;
				TARGETED_DEVICE_FAMILY = "1,2";
				VALIDATE_PRODUCT = YES;
			};
			name = Release;
		};
		9A502B931B2B17FD007F333A /* Debug */ = {
			isa = XCBuildConfiguration;
			buildSettings = {
				ASSETCATALOG_COMPILER_APPICON_NAME = AppIcon;
				INFOPLIST_FILE = LoginWebService/Info.plist;
				LD_RUNPATH_SEARCH_PATHS = "$(inherited) @executable_path/Frameworks";
				PRODUCT_NAME = "$(TARGET_NAME)";
			};
			name = Debug;
		};
		9A502B941B2B17FD007F333A /* Release */ = {
			isa = XCBuildConfiguration;
			buildSettings = {
				ASSETCATALOG_COMPILER_APPICON_NAME = AppIcon;
				INFOPLIST_FILE = LoginWebService/Info.plist;
				LD_RUNPATH_SEARCH_PATHS = "$(inherited) @executable_path/Frameworks";
				PRODUCT_NAME = "$(TARGET_NAME)";
			};
			name = Release;
		};
		9A502B961B2B17FD007F333A /* Debug */ = {
			isa = XCBuildConfiguration;
			buildSettings = {
				BUNDLE_LOADER = "$(TEST_HOST)";
				FRAMEWORK_SEARCH_PATHS = (
					"$(SDKROOT)/Developer/Library/Frameworks",
					"$(inherited)",
				);
				GCC_PREPROCESSOR_DEFINITIONS = (
					"DEBUG=1",
					"$(inherited)",
				);
				INFOPLIST_FILE = LoginWebServiceTests/Info.plist;
				LD_RUNPATH_SEARCH_PATHS = "$(inherited) @executable_path/Frameworks @loader_path/Frameworks";
				PRODUCT_NAME = "$(TARGET_NAME)";
				TEST_HOST = "$(BUILT_PRODUCTS_DIR)/LoginWebService.app/LoginWebService";
			};
			name = Debug;
		};
		9A502B971B2B17FD007F333A /* Release */ = {
			isa = XCBuildConfiguration;
			buildSettings = {
				BUNDLE_LOADER = "$(TEST_HOST)";
				FRAMEWORK_SEARCH_PATHS = (
					"$(SDKROOT)/Developer/Library/Frameworks",
					"$(inherited)",
				);
				INFOPLIST_FILE = LoginWebServiceTests/Info.plist;
				LD_RUNPATH_SEARCH_PATHS = "$(inherited) @executable_path/Frameworks @loader_path/Frameworks";
				PRODUCT_NAME = "$(TARGET_NAME)";
				TEST_HOST = "$(BUILT_PRODUCTS_DIR)/LoginWebService.app/LoginWebService";
			};
			name = Release;
		};
/* End XCBuildConfiguration section */

/* Begin XCConfigurationList section */
		9A502B6E1B2B17FD007F333A /* Build configuration list for PBXProject "LoginWebService" */ = {
			isa = XCConfigurationList;
			buildConfigurations = (
				9A502B901B2B17FD007F333A /* Debug */,
				9A502B911B2B17FD007F333A /* Release */,
			);
			defaultConfigurationIsVisible = 0;
			defaultConfigurationName = Release;
		};
		9A502B921B2B17FD007F333A /* Build configuration list for PBXNativeTarget "LoginWebService" */ = {
			isa = XCConfigurationList;
			buildConfigurations = (
				9A502B931B2B17FD007F333A /* Debug */,
				9A502B941B2B17FD007F333A /* Release */,
			);
			defaultConfigurationIsVisible = 0;
		};
		9A502B951B2B17FD007F333A /* Build configuration list for PBXNativeTarget "LoginWebServiceTests" */ = {
			isa = XCConfigurationList;
			buildConfigurations = (
				9A502B961B2B17FD007F333A /* Debug */,
				9A502B971B2B17FD007F333A /* Release */,
			);
			defaultConfigurationIsVisible = 0;
		};
/* End XCConfigurationList section */
	};
	rootObject = 9A502B6B1B2B17FD007F333A /* Project object */;
}
