// !$*UTF8*$!
{
	archiveVersion = 1;
	classes = {
	};
	objectVersion = 46;
	objects = {

/* Begin PBXBuildFile section */
		71A3B47D19C363CA0001C01F /* AppDelegate.swift in Sources */ = {isa = PBXBuildFile; fileRef = 71A3B47C19C363CA0001C01F /* AppDelegate.swift */; };
		71A3B47F19C363CA0001C01F /* ViewController.swift in Sources */ = {isa = PBXBuildFile; fileRef = 71A3B47E19C363CA0001C01F /* ViewController.swift */; };
		71A3B48219C363CA0001C01F /* Main.storyboard in Resources */ = {isa = PBXBuildFile; fileRef = 71A3B48019C363CA0001C01F /* Main.storyboard */; };
		71A3B48419C363CA0001C01F /* Images.xcassets in Resources */ = {isa = PBXBuildFile; fileRef = 71A3B48319C363CA0001C01F /* Images.xcassets */; };
		71A3B48719C363CA0001C01F /* LaunchScreen.xib in Resources */ = {isa = PBXBuildFile; fileRef = 71A3B48519C363CA0001C01F /* LaunchScreen.xib */; };
		71A3B49319C363CA0001C01F /* Aula101Tests.swift in Sources */ = {isa = PBXBuildFile; fileRef = 71A3B49219C363CA0001C01F /* Aula101Tests.swift */; };
/* End PBXBuildFile section */

/* Begin PBXContainerItemProxy section */
		71A3B48D19C363CA0001C01F /* PBXContainerItemProxy */ = {
			isa = PBXContainerItemProxy;
			containerPortal = 71A3B46F19C363CA0001C01F /* Project object */;
			proxyType = 1;
			remoteGlobalIDString = 71A3B47619C363CA0001C01F;
			remoteInfo = Aula101;
		};
/* End PBXContainerItemProxy section */

/* Begin PBXFileReference section */
		71A3B47719C363CA0001C01F /* Aula101.app */ = {isa = PBXFileReference; explicitFileType = wrapper.application; includeInIndex = 0; path = Aula101.app; sourceTree = BUILT_PRODUCTS_DIR; };
		71A3B47B19C363CA0001C01F /* Info.plist */ = {isa = PBXFileReference; lastKnownFileType = text.plist.xml; path = Info.plist; sourceTree = "<group>"; };
		71A3B47C19C363CA0001C01F /* AppDelegate.swift */ = {isa = PBXFileReference; lastKnownFileType = sourcecode.swift; path = AppDelegate.swift; sourceTree = "<group>"; };
		71A3B47E19C363CA0001C01F /* ViewController.swift */ = {isa = PBXFileReference; lastKnownFileType = sourcecode.swift; path = ViewController.swift; sourceTree = "<group>"; };
		71A3B48119C363CA0001C01F /* Base */ = {isa = PBXFileReference; lastKnownFileType = file.storyboard; name = Base; path = Base.lproj/Main.storyboard; sourceTree = "<group>"; };
		71A3B48319C363CA0001C01F /* Images.xcassets */ = {isa = PBXFileReference; lastKnownFileType = folder.assetcatalog; path = Images.xcassets; sourceTree = "<group>"; };
		71A3B48619C363CA0001C01F /* Base */ = {isa = PBXFileReference; lastKnownFileType = file.xib; name = Base; path = Base.lproj/LaunchScreen.xib; sourceTree = "<group>"; };
		71A3B48C19C363CA0001C01F /* Aula101Tests.xctest */ = {isa = PBXFileReference; explicitFileType = wrapper.cfbundle; includeInIndex = 0; path = Aula101Tests.xctest; sourceTree = BUILT_PRODUCTS_DIR; };
		71A3B49119C363CA0001C01F /* Info.plist */ = {isa = PBXFileReference; lastKnownFileType = text.plist.xml; path = Info.plist; sourceTree = "<group>"; };
		71A3B49219C363CA0001C01F /* Aula101Tests.swift */ = {isa = PBXFileReference; lastKnownFileType = sourcecode.swift; path = Aula101Tests.swift; sourceTree = "<group>"; };
/* End PBXFileReference section */

/* Begin PBXFrameworksBuildPhase section */
		71A3B47419C363CA0001C01F /* Frameworks */ = {
			isa = PBXFrameworksBuildPhase;
			buildActionMask = 2147483647;
			files = (
			);
			runOnlyForDeploymentPostprocessing = 0;
		};
		71A3B48919C363CA0001C01F /* Frameworks */ = {
			isa = PBXFrameworksBuildPhase;
			buildActionMask = 2147483647;
			files = (
			);
			runOnlyForDeploymentPostprocessing = 0;
		};
/* End PBXFrameworksBuildPhase section */

/* Begin PBXGroup section */
		71A3B46E19C363CA0001C01F = {
			isa = PBXGroup;
			children = (
				71A3B47919C363CA0001C01F /* Aula101 */,
				71A3B48F19C363CA0001C01F /* Aula101Tests */,
				71A3B47819C363CA0001C01F /* Products */,
			);
			sourceTree = "<group>";
		};
		71A3B47819C363CA0001C01F /* Products */ = {
			isa = PBXGroup;
			children = (
				71A3B47719C363CA0001C01F /* Aula101.app */,
				71A3B48C19C363CA0001C01F /* Aula101Tests.xctest */,
			);
			name = Products;
			sourceTree = "<group>";
		};
		71A3B47919C363CA0001C01F /* Aula101 */ = {
			isa = PBXGroup;
			children = (
				71A3B47C19C363CA0001C01F /* AppDelegate.swift */,
				71A3B47E19C363CA0001C01F /* ViewController.swift */,
				71A3B48019C363CA0001C01F /* Main.storyboard */,
				71A3B48319C363CA0001C01F /* Images.xcassets */,
				71A3B48519C363CA0001C01F /* LaunchScreen.xib */,
				71A3B47A19C363CA0001C01F /* Supporting Files */,
			);
			path = Aula101;
			sourceTree = "<group>";
		};
		71A3B47A19C363CA0001C01F /* Supporting Files */ = {
			isa = PBXGroup;
			children = (
				71A3B47B19C363CA0001C01F /* Info.plist */,
			);
			name = "Supporting Files";
			sourceTree = "<group>";
		};
		71A3B48F19C363CA0001C01F /* Aula101Tests */ = {
			isa = PBXGroup;
			children = (
				71A3B49219C363CA0001C01F /* Aula101Tests.swift */,
				71A3B49019C363CA0001C01F /* Supporting Files */,
			);
			path = Aula101Tests;
			sourceTree = "<group>";
		};
		71A3B49019C363CA0001C01F /* Supporting Files */ = {
			isa = PBXGroup;
			children = (
				71A3B49119C363CA0001C01F /* Info.plist */,
			);
			name = "Supporting Files";
			sourceTree = "<group>";
		};
/* End PBXGroup section */

/* Begin PBXNativeTarget section */
		71A3B47619C363CA0001C01F /* Aula101 */ = {
			isa = PBXNativeTarget;
			buildConfigurationList = 71A3B49619C363CA0001C01F /* Build configuration list for PBXNativeTarget "Aula101" */;
			buildPhases = (
				71A3B47319C363CA0001C01F /* Sources */,
				71A3B47419C363CA0001C01F /* Frameworks */,
				71A3B47519C363CA0001C01F /* Resources */,
			);
			buildRules = (
			);
			dependencies = (
			);
			name = Aula101;
			productName = Aula101;
			productReference = 71A3B47719C363CA0001C01F /* Aula101.app */;
			productType = "com.apple.product-type.application";
		};
		71A3B48B19C363CA0001C01F /* Aula101Tests */ = {
			isa = PBXNativeTarget;
			buildConfigurationList = 71A3B49919C363CA0001C01F /* Build configuration list for PBXNativeTarget "Aula101Tests" */;
			buildPhases = (
				71A3B48819C363CA0001C01F /* Sources */,
				71A3B48919C363CA0001C01F /* Frameworks */,
				71A3B48A19C363CA0001C01F /* Resources */,
			);
			buildRules = (
			);
			dependencies = (
				71A3B48E19C363CA0001C01F /* PBXTargetDependency */,
			);
			name = Aula101Tests;
			productName = Aula101Tests;
			productReference = 71A3B48C19C363CA0001C01F /* Aula101Tests.xctest */;
			productType = "com.apple.product-type.bundle.unit-test";
		};
/* End PBXNativeTarget section */

/* Begin PBXProject section */
		71A3B46F19C363CA0001C01F /* Project object */ = {
			isa = PBXProject;
			attributes = {
				LastUpgradeCheck = 0600;
				ORGANIZATIONNAME = personal;
				TargetAttributes = {
					71A3B47619C363CA0001C01F = {
						CreatedOnToolsVersion = 6.0;
					};
					71A3B48B19C363CA0001C01F = {
						CreatedOnToolsVersion = 6.0;
						TestTargetID = 71A3B47619C363CA0001C01F;
					};
				};
			};
			buildConfigurationList = 71A3B47219C363CA0001C01F /* Build configuration list for PBXProject "Aula101" */;
			compatibilityVersion = "Xcode 3.2";
			developmentRegion = English;
			hasScannedForEncodings = 0;
			knownRegions = (
				en,
				Base,
			);
			mainGroup = 71A3B46E19C363CA0001C01F;
			productRefGroup = 71A3B47819C363CA0001C01F /* Products */;
			projectDirPath = "";
			projectRoot = "";
			targets = (
				71A3B47619C363CA0001C01F /* Aula101 */,
				71A3B48B19C363CA0001C01F /* Aula101Tests */,
			);
		};
/* End PBXProject section */

/* Begin PBXResourcesBuildPhase section */
		71A3B47519C363CA0001C01F /* Resources */ = {
			isa = PBXResourcesBuildPhase;
			buildActionMask = 2147483647;
			files = (
				71A3B48219C363CA0001C01F /* Main.storyboard in Resources */,
				71A3B48719C363CA0001C01F /* LaunchScreen.xib in Resources */,
				71A3B48419C363CA0001C01F /* Images.xcassets in Resources */,
			);
			runOnlyForDeploymentPostprocessing = 0;
		};
		71A3B48A19C363CA0001C01F /* Resources */ = {
			isa = PBXResourcesBuildPhase;
			buildActionMask = 2147483647;
			files = (
			);
			runOnlyForDeploymentPostprocessing = 0;
		};
/* End PBXResourcesBuildPhase section */

/* Begin PBXSourcesBuildPhase section */
		71A3B47319C363CA0001C01F /* Sources */ = {
			isa = PBXSourcesBuildPhase;
			buildActionMask = 2147483647;
			files = (
				71A3B47F19C363CA0001C01F /* ViewController.swift in Sources */,
				71A3B47D19C363CA0001C01F /* AppDelegate.swift in Sources */,
			);
			runOnlyForDeploymentPostprocessing = 0;
		};
		71A3B48819C363CA0001C01F /* Sources */ = {
			isa = PBXSourcesBuildPhase;
			buildActionMask = 2147483647;
			files = (
				71A3B49319C363CA0001C01F /* Aula101Tests.swift in Sources */,
			);
			runOnlyForDeploymentPostprocessing = 0;
		};
/* End PBXSourcesBuildPhase section */

/* Begin PBXTargetDependency section */
		71A3B48E19C363CA0001C01F /* PBXTargetDependency */ = {
			isa = PBXTargetDependency;
			target = 71A3B47619C363CA0001C01F /* Aula101 */;
			targetProxy = 71A3B48D19C363CA0001C01F /* PBXContainerItemProxy */;
		};
/* End PBXTargetDependency section */

/* Begin PBXVariantGroup section */
		71A3B48019C363CA0001C01F /* Main.storyboard */ = {
			isa = PBXVariantGroup;
			children = (
				71A3B48119C363CA0001C01F /* Base */,
			);
			name = Main.storyboard;
			sourceTree = "<group>";
		};
		71A3B48519C363CA0001C01F /* LaunchScreen.xib */ = {
			isa = PBXVariantGroup;
			children = (
				71A3B48619C363CA0001C01F /* Base */,
			);
			name = LaunchScreen.xib;
			sourceTree = "<group>";
		};
/* End PBXVariantGroup section */

/* Begin XCBuildConfiguration section */
		71A3B49419C363CA0001C01F /* Debug */ = {
			isa = XCBuildConfiguration;
			buildSettings = {
				ALWAYS_SEARCH_USER_PATHS = NO;
				CLANG_CXX_LANGUAGE_STANDARD = "gnu++0x";
				CLANG_CXX_LIBRARY = "libc++";
				CLANG_ENABLE_MODULES = YES;
				CLANG_ENABLE_OBJC_ARC = YES;
				CLANG_WARN_BOOL_CONVERSION = YES;
				CLANG_WARN_CONSTANT_CONVERSION = YES;
				CLANG_WARN_DIRECT_OBJC_ISA_USAGE = YES_ERROR;
				CLANG_WARN_EMPTY_BODY = YES;
				CLANG_WARN_ENUM_CONVERSION = YES;
				CLANG_WARN_INT_CONVERSION = YES;
				CLANG_WARN_OBJC_ROOT_CLASS = YES_ERROR;
				CLANG_WARN_UNREACHABLE_CODE = YES;
				CLANG_WARN__DUPLICATE_METHOD_MATCH = YES;
				"CODE_SIGN_IDENTITY[sdk=iphoneos*]" = "iPhone Developer";
				COPY_PHASE_STRIP = NO;
				ENABLE_STRICT_OBJC_MSGSEND = YES;
				GCC_C_LANGUAGE_STANDARD = gnu99;
				GCC_DYNAMIC_NO_PIC = NO;
				GCC_OPTIMIZATION_LEVEL = 0;
				GCC_PREPROCESSOR_DEFINITIONS = (
					"DEBUG=1",
					"$(inherited)",
				);
				GCC_SYMBOLS_PRIVATE_EXTERN = NO;
				GCC_WARN_64_TO_32_BIT_CONVERSION = YES;
				GCC_WARN_ABOUT_RETURN_TYPE = YES_ERROR;
				GCC_WARN_UNDECLARED_SELECTOR = YES;
				GCC_WARN_UNINITIALIZED_AUTOS = YES_AGGRESSIVE;
				GCC_WARN_UNUSED_FUNCTION = YES;
				GCC_WARN_UNUSED_VARIABLE = YES;
				IPHONEOS_DEPLOYMENT_TARGET = 8.0;
				MTL_ENABLE_DEBUG_INFO = YES;
				ONLY_ACTIVE_ARCH = YES;
				SDKROOT = iphoneos;
				SWIFT_OPTIMIZATION_LEVEL = "-Onone";
			};
			name = Debug;
		};
		71A3B49519C363CA0001C01F /* Release */ = {
			isa = XCBuildConfiguration;
			buildSettings = {
				ALWAYS_SEARCH_USER_PATHS = NO;
				CLANG_CXX_LANGUAGE_STANDARD = "gnu++0x";
				CLANG_CXX_LIBRARY = "libc++";
				CLANG_ENABLE_MODULES = YES;
				CLANG_ENABLE_OBJC_ARC = YES;
				CLANG_WARN_BOOL_CONVERSION = YES;
				CLANG_WARN_CONSTANT_CONVERSION = YES;
				CLANG_WARN_DIRECT_OBJC_ISA_USAGE = YES_ERROR;
				CLANG_WARN_EMPTY_BODY = YES;
				CLANG_WARN_ENUM_CONVERSION = YES;
				CLANG_WARN_INT_CONVERSION = YES;
				CLANG_WARN_OBJC_ROOT_CLASS = YES_ERROR;
				CLANG_WARN_UNREACHABLE_CODE = YES;
				CLANG_WARN__DUPLICATE_METHOD_MATCH = YES;
				"CODE_SIGN_IDENTITY[sdk=iphoneos*]" = "iPhone Developer";
				COPY_PHASE_STRIP = YES;
				ENABLE_NS_ASSERTIONS = NO;
				ENABLE_STRICT_OBJC_MSGSEND = YES;
				GCC_C_LANGUAGE_STANDARD = gnu99;
				GCC_WARN_64_TO_32_BIT_CONVERSION = YES;
				GCC_WARN_ABOUT_RETURN_TYPE = YES_ERROR;
				GCC_WARN_UNDECLARED_SELECTOR = YES;
				GCC_WARN_UNINITIALIZED_AUTOS = YES_AGGRESSIVE;
				GCC_WARN_UNUSED_FUNCTION = YES;
				GCC_WARN_UNUSED_VARIABLE = YES;
				IPHONEOS_DEPLOYMENT_TARGET = 8.0;
				MTL_ENABLE_DEBUG_INFO = NO;
				SDKROOT = iphoneos;
				VALIDATE_PRODUCT = YES;
			};
			name = Release;
		};
		71A3B49719C363CA0001C01F /* Debug */ = {
			isa = XCBuildConfiguration;
			buildSettings = {
				ASSETCATALOG_COMPILER_APPICON_NAME = AppIcon;
				INFOPLIST_FILE = Aula101/Info.plist;
				LD_RUNPATH_SEARCH_PATHS = "$(inherited) @executable_path/Frameworks";
				PRODUCT_NAME = "$(TARGET_NAME)";
			};
			name = Debug;
		};
		71A3B49819C363CA0001C01F /* Release */ = {
			isa = XCBuildConfiguration;
			buildSettings = {
				ASSETCATALOG_COMPILER_APPICON_NAME = AppIcon;
				INFOPLIST_FILE = Aula101/Info.plist;
				LD_RUNPATH_SEARCH_PATHS = "$(inherited) @executable_path/Frameworks";
				PRODUCT_NAME = "$(TARGET_NAME)";
			};
			name = Release;
		};
		71A3B49A19C363CA0001C01F /* Debug */ = {
			isa = XCBuildConfiguration;
			buildSettings = {
				BUNDLE_LOADER = "$(TEST_HOST)";
				FRAMEWORK_SEARCH_PATHS = (
					"$(SDKROOT)/Developer/Library/Frameworks",
					"$(inherited)",
				);
				GCC_PREPROCESSOR_DEFINITIONS = (
					"DEBUG=1",
					"$(inherited)",
				);
				INFOPLIST_FILE = Aula101Tests/Info.plist;
				LD_RUNPATH_SEARCH_PATHS = "$(inherited) @executable_path/Frameworks @loader_path/Frameworks";
				PRODUCT_NAME = "$(TARGET_NAME)";
				TEST_HOST = "$(BUILT_PRODUCTS_DIR)/Aula101.app/Aula101";
			};
			name = Debug;
		};
		71A3B49B19C363CA0001C01F /* Release */ = {
			isa = XCBuildConfiguration;
			buildSettings = {
				BUNDLE_LOADER = "$(TEST_HOST)";
				FRAMEWORK_SEARCH_PATHS = (
					"$(SDKROOT)/Developer/Library/Frameworks",
					"$(inherited)",
				);
				INFOPLIST_FILE = Aula101Tests/Info.plist;
				LD_RUNPATH_SEARCH_PATHS = "$(inherited) @executable_path/Frameworks @loader_path/Frameworks";
				PRODUCT_NAME = "$(TARGET_NAME)";
				TEST_HOST = "$(BUILT_PRODUCTS_DIR)/Aula101.app/Aula101";
			};
			name = Release;
		};
/* End XCBuildConfiguration section */

/* Begin XCConfigurationList section */
		71A3B47219C363CA0001C01F /* Build configuration list for PBXProject "Aula101" */ = {
			isa = XCConfigurationList;
			buildConfigurations = (
				71A3B49419C363CA0001C01F /* Debug */,
				71A3B49519C363CA0001C01F /* Release */,
			);
			defaultConfigurationIsVisible = 0;
			defaultConfigurationName = Release;
		};
		71A3B49619C363CA0001C01F /* Build configuration list for PBXNativeTarget "Aula101" */ = {
			isa = XCConfigurationList;
			buildConfigurations = (
				71A3B49719C363CA0001C01F /* Debug */,
				71A3B49819C363CA0001C01F /* Release */,
			);
			defaultConfigurationIsVisible = 0;
		};
		71A3B49919C363CA0001C01F /* Build configuration list for PBXNativeTarget "Aula101Tests" */ = {
			isa = XCConfigurationList;
			buildConfigurations = (
				71A3B49A19C363CA0001C01F /* Debug */,
				71A3B49B19C363CA0001C01F /* Release */,
			);
			defaultConfigurationIsVisible = 0;
		};
/* End XCConfigurationList section */
	};
	rootObject = 71A3B46F19C363CA0001C01F /* Project object */;
}
