// !$*UTF8*$!
{
	archiveVersion = 1;
	classes = {
	};
	objectVersion = 46;
	objects = {

/* Begin PBXBuildFile section */
		AF2D7AB91A0133360012434B /* AppDelegate.swift in Sources */ = {isa = PBXBuildFile; fileRef = AF2D7AB81A0133360012434B /* AppDelegate.swift */; };
		AF2D7ABB1A0133360012434B /* ViewController.swift in Sources */ = {isa = PBXBuildFile; fileRef = AF2D7ABA1A0133360012434B /* ViewController.swift */; };
		AF2D7ABE1A0133360012434B /* Main.storyboard in Resources */ = {isa = PBXBuildFile; fileRef = AF2D7ABC1A0133360012434B /* Main.storyboard */; };
		AF2D7AC01A0133360012434B /* Images.xcassets in Resources */ = {isa = PBXBuildFile; fileRef = AF2D7ABF1A0133360012434B /* Images.xcassets */; };
		AF2D7AC31A0133360012434B /* LaunchScreen.xib in Resources */ = {isa = PBXBuildFile; fileRef = AF2D7AC11A0133360012434B /* LaunchScreen.xib */; };
		AF2D7ACF1A0133360012434B /* TecladoCustomizadoTests.swift in Sources */ = {isa = PBXBuildFile; fileRef = AF2D7ACE1A0133360012434B /* TecladoCustomizadoTests.swift */; };
/* End PBXBuildFile section */

/* Begin PBXContainerItemProxy section */
		AF2D7AC91A0133360012434B /* PBXContainerItemProxy */ = {
			isa = PBXContainerItemProxy;
			containerPortal = AF2D7AAB1A0133360012434B /* Project object */;
			proxyType = 1;
			remoteGlobalIDString = AF2D7AB21A0133360012434B;
			remoteInfo = TecladoCustomizado;
		};
/* End PBXContainerItemProxy section */

/* Begin PBXFileReference section */
		AF2D7AB31A0133360012434B /* TecladoCustomizado.app */ = {isa = PBXFileReference; explicitFileType = wrapper.application; includeInIndex = 0; path = TecladoCustomizado.app; sourceTree = BUILT_PRODUCTS_DIR; };
		AF2D7AB71A0133360012434B /* Info.plist */ = {isa = PBXFileReference; lastKnownFileType = text.plist.xml; path = Info.plist; sourceTree = "<group>"; };
		AF2D7AB81A0133360012434B /* AppDelegate.swift */ = {isa = PBXFileReference; lastKnownFileType = sourcecode.swift; path = AppDelegate.swift; sourceTree = "<group>"; };
		AF2D7ABA1A0133360012434B /* ViewController.swift */ = {isa = PBXFileReference; lastKnownFileType = sourcecode.swift; path = ViewController.swift; sourceTree = "<group>"; };
		AF2D7ABD1A0133360012434B /* Base */ = {isa = PBXFileReference; lastKnownFileType = file.storyboard; name = Base; path = Base.lproj/Main.storyboard; sourceTree = "<group>"; };
		AF2D7ABF1A0133360012434B /* Images.xcassets */ = {isa = PBXFileReference; lastKnownFileType = folder.assetcatalog; path = Images.xcassets; sourceTree = "<group>"; };
		AF2D7AC21A0133360012434B /* Base */ = {isa = PBXFileReference; lastKnownFileType = file.xib; name = Base; path = Base.lproj/LaunchScreen.xib; sourceTree = "<group>"; };
		AF2D7AC81A0133360012434B /* TecladoCustomizadoTests.xctest */ = {isa = PBXFileReference; explicitFileType = wrapper.cfbundle; includeInIndex = 0; path = TecladoCustomizadoTests.xctest; sourceTree = BUILT_PRODUCTS_DIR; };
		AF2D7ACD1A0133360012434B /* Info.plist */ = {isa = PBXFileReference; lastKnownFileType = text.plist.xml; path = Info.plist; sourceTree = "<group>"; };
		AF2D7ACE1A0133360012434B /* TecladoCustomizadoTests.swift */ = {isa = PBXFileReference; lastKnownFileType = sourcecode.swift; path = TecladoCustomizadoTests.swift; sourceTree = "<group>"; };
/* End PBXFileReference section */

/* Begin PBXFrameworksBuildPhase section */
		AF2D7AB01A0133360012434B /* Frameworks */ = {
			isa = PBXFrameworksBuildPhase;
			buildActionMask = 2147483647;
			files = (
			);
			runOnlyForDeploymentPostprocessing = 0;
		};
		AF2D7AC51A0133360012434B /* Frameworks */ = {
			isa = PBXFrameworksBuildPhase;
			buildActionMask = 2147483647;
			files = (
			);
			runOnlyForDeploymentPostprocessing = 0;
		};
/* End PBXFrameworksBuildPhase section */

/* Begin PBXGroup section */
		AF2D7AAA1A0133360012434B = {
			isa = PBXGroup;
			children = (
				AF2D7AB51A0133360012434B /* TecladoCustomizado */,
				AF2D7ACB1A0133360012434B /* TecladoCustomizadoTests */,
				AF2D7AB41A0133360012434B /* Products */,
			);
			sourceTree = "<group>";
		};
		AF2D7AB41A0133360012434B /* Products */ = {
			isa = PBXGroup;
			children = (
				AF2D7AB31A0133360012434B /* TecladoCustomizado.app */,
				AF2D7AC81A0133360012434B /* TecladoCustomizadoTests.xctest */,
			);
			name = Products;
			sourceTree = "<group>";
		};
		AF2D7AB51A0133360012434B /* TecladoCustomizado */ = {
			isa = PBXGroup;
			children = (
				AF2D7AB81A0133360012434B /* AppDelegate.swift */,
				AF2D7ABA1A0133360012434B /* ViewController.swift */,
				AF2D7ABC1A0133360012434B /* Main.storyboard */,
				AF2D7ABF1A0133360012434B /* Images.xcassets */,
				AF2D7AC11A0133360012434B /* LaunchScreen.xib */,
				AF2D7AB61A0133360012434B /* Supporting Files */,
			);
			path = TecladoCustomizado;
			sourceTree = "<group>";
		};
		AF2D7AB61A0133360012434B /* Supporting Files */ = {
			isa = PBXGroup;
			children = (
				AF2D7AB71A0133360012434B /* Info.plist */,
			);
			name = "Supporting Files";
			sourceTree = "<group>";
		};
		AF2D7ACB1A0133360012434B /* TecladoCustomizadoTests */ = {
			isa = PBXGroup;
			children = (
				AF2D7ACE1A0133360012434B /* TecladoCustomizadoTests.swift */,
				AF2D7ACC1A0133360012434B /* Supporting Files */,
			);
			path = TecladoCustomizadoTests;
			sourceTree = "<group>";
		};
		AF2D7ACC1A0133360012434B /* Supporting Files */ = {
			isa = PBXGroup;
			children = (
				AF2D7ACD1A0133360012434B /* Info.plist */,
			);
			name = "Supporting Files";
			sourceTree = "<group>";
		};
/* End PBXGroup section */

/* Begin PBXNativeTarget section */
		AF2D7AB21A0133360012434B /* TecladoCustomizado */ = {
			isa = PBXNativeTarget;
			buildConfigurationList = AF2D7AD21A0133360012434B /* Build configuration list for PBXNativeTarget "TecladoCustomizado" */;
			buildPhases = (
				AF2D7AAF1A0133360012434B /* Sources */,
				AF2D7AB01A0133360012434B /* Frameworks */,
				AF2D7AB11A0133360012434B /* Resources */,
			);
			buildRules = (
			);
			dependencies = (
			);
			name = TecladoCustomizado;
			productName = TecladoCustomizado;
			productReference = AF2D7AB31A0133360012434B /* TecladoCustomizado.app */;
			productType = "com.apple.product-type.application";
		};
		AF2D7AC71A0133360012434B /* TecladoCustomizadoTests */ = {
			isa = PBXNativeTarget;
			buildConfigurationList = AF2D7AD51A0133360012434B /* Build configuration list for PBXNativeTarget "TecladoCustomizadoTests" */;
			buildPhases = (
				AF2D7AC41A0133360012434B /* Sources */,
				AF2D7AC51A0133360012434B /* Frameworks */,
				AF2D7AC61A0133360012434B /* Resources */,
			);
			buildRules = (
			);
			dependencies = (
				AF2D7ACA1A0133360012434B /* PBXTargetDependency */,
			);
			name = TecladoCustomizadoTests;
			productName = TecladoCustomizadoTests;
			productReference = AF2D7AC81A0133360012434B /* TecladoCustomizadoTests.xctest */;
			productType = "com.apple.product-type.bundle.unit-test";
		};
/* End PBXNativeTarget section */

/* Begin PBXProject section */
		AF2D7AAB1A0133360012434B /* Project object */ = {
			isa = PBXProject;
			attributes = {
				LastUpgradeCheck = 0610;
				ORGANIZATIONNAME = iai;
				TargetAttributes = {
					AF2D7AB21A0133360012434B = {
						CreatedOnToolsVersion = 6.1;
					};
					AF2D7AC71A0133360012434B = {
						CreatedOnToolsVersion = 6.1;
						TestTargetID = AF2D7AB21A0133360012434B;
					};
				};
			};
			buildConfigurationList = AF2D7AAE1A0133360012434B /* Build configuration list for PBXProject "TecladoCustomizado" */;
			compatibilityVersion = "Xcode 3.2";
			developmentRegion = English;
			hasScannedForEncodings = 0;
			knownRegions = (
				en,
				Base,
			);
			mainGroup = AF2D7AAA1A0133360012434B;
			productRefGroup = AF2D7AB41A0133360012434B /* Products */;
			projectDirPath = "";
			projectRoot = "";
			targets = (
				AF2D7AB21A0133360012434B /* TecladoCustomizado */,
				AF2D7AC71A0133360012434B /* TecladoCustomizadoTests */,
			);
		};
/* End PBXProject section */

/* Begin PBXResourcesBuildPhase section */
		AF2D7AB11A0133360012434B /* Resources */ = {
			isa = PBXResourcesBuildPhase;
			buildActionMask = 2147483647;
			files = (
				AF2D7ABE1A0133360012434B /* Main.storyboard in Resources */,
				AF2D7AC31A0133360012434B /* LaunchScreen.xib in Resources */,
				AF2D7AC01A0133360012434B /* Images.xcassets in Resources */,
			);
			runOnlyForDeploymentPostprocessing = 0;
		};
		AF2D7AC61A0133360012434B /* Resources */ = {
			isa = PBXResourcesBuildPhase;
			buildActionMask = 2147483647;
			files = (
			);
			runOnlyForDeploymentPostprocessing = 0;
		};
/* End PBXResourcesBuildPhase section */

/* Begin PBXSourcesBuildPhase section */
		AF2D7AAF1A0133360012434B /* Sources */ = {
			isa = PBXSourcesBuildPhase;
			buildActionMask = 2147483647;
			files = (
				AF2D7ABB1A0133360012434B /* ViewController.swift in Sources */,
				AF2D7AB91A0133360012434B /* AppDelegate.swift in Sources */,
			);
			runOnlyForDeploymentPostprocessing = 0;
		};
		AF2D7AC41A0133360012434B /* Sources */ = {
			isa = PBXSourcesBuildPhase;
			buildActionMask = 2147483647;
			files = (
				AF2D7ACF1A0133360012434B /* TecladoCustomizadoTests.swift in Sources */,
			);
			runOnlyForDeploymentPostprocessing = 0;
		};
/* End PBXSourcesBuildPhase section */

/* Begin PBXTargetDependency section */
		AF2D7ACA1A0133360012434B /* PBXTargetDependency */ = {
			isa = PBXTargetDependency;
			target = AF2D7AB21A0133360012434B /* TecladoCustomizado */;
			targetProxy = AF2D7AC91A0133360012434B /* PBXContainerItemProxy */;
		};
/* End PBXTargetDependency section */

/* Begin PBXVariantGroup section */
		AF2D7ABC1A0133360012434B /* Main.storyboard */ = {
			isa = PBXVariantGroup;
			children = (
				AF2D7ABD1A0133360012434B /* Base */,
			);
			name = Main.storyboard;
			sourceTree = "<group>";
		};
		AF2D7AC11A0133360012434B /* LaunchScreen.xib */ = {
			isa = PBXVariantGroup;
			children = (
				AF2D7AC21A0133360012434B /* Base */,
			);
			name = LaunchScreen.xib;
			sourceTree = "<group>";
		};
/* End PBXVariantGroup section */

/* Begin XCBuildConfiguration section */
		AF2D7AD01A0133360012434B /* Debug */ = {
			isa = XCBuildConfiguration;
			buildSettings = {
				ALWAYS_SEARCH_USER_PATHS = NO;
				CLANG_CXX_LANGUAGE_STANDARD = "gnu++0x";
				CLANG_CXX_LIBRARY = "libc++";
				CLANG_ENABLE_MODULES = YES;
				CLANG_ENABLE_OBJC_ARC = YES;
				CLANG_WARN_BOOL_CONVERSION = YES;
				CLANG_WARN_CONSTANT_CONVERSION = YES;
				CLANG_WARN_DIRECT_OBJC_ISA_USAGE = YES_ERROR;
				CLANG_WARN_EMPTY_BODY = YES;
				CLANG_WARN_ENUM_CONVERSION = YES;
				CLANG_WARN_INT_CONVERSION = YES;
				CLANG_WARN_OBJC_ROOT_CLASS = YES_ERROR;
				CLANG_WARN_UNREACHABLE_CODE = YES;
				CLANG_WARN__DUPLICATE_METHOD_MATCH = YES;
				"CODE_SIGN_IDENTITY[sdk=iphoneos*]" = "iPhone Developer";
				COPY_PHASE_STRIP = NO;
				ENABLE_STRICT_OBJC_MSGSEND = YES;
				GCC_C_LANGUAGE_STANDARD = gnu99;
				GCC_DYNAMIC_NO_PIC = NO;
				GCC_OPTIMIZATION_LEVEL = 0;
				GCC_PREPROCESSOR_DEFINITIONS = (
					"DEBUG=1",
					"$(inherited)",
				);
				GCC_SYMBOLS_PRIVATE_EXTERN = NO;
				GCC_WARN_64_TO_32_BIT_CONVERSION = YES;
				GCC_WARN_ABOUT_RETURN_TYPE = YES_ERROR;
				GCC_WARN_UNDECLARED_SELECTOR = YES;
				GCC_WARN_UNINITIALIZED_AUTOS = YES_AGGRESSIVE;
				GCC_WARN_UNUSED_FUNCTION = YES;
				GCC_WARN_UNUSED_VARIABLE = YES;
				IPHONEOS_DEPLOYMENT_TARGET = 8.1;
				MTL_ENABLE_DEBUG_INFO = YES;
				ONLY_ACTIVE_ARCH = YES;
				SDKROOT = iphoneos;
				SWIFT_OPTIMIZATION_LEVEL = "-Onone";
				TARGETED_DEVICE_FAMILY = "1,2";
			};
			name = Debug;
		};
		AF2D7AD11A0133360012434B /* Release */ = {
			isa = XCBuildConfiguration;
			buildSettings = {
				ALWAYS_SEARCH_USER_PATHS = NO;
				CLANG_CXX_LANGUAGE_STANDARD = "gnu++0x";
				CLANG_CXX_LIBRARY = "libc++";
				CLANG_ENABLE_MODULES = YES;
				CLANG_ENABLE_OBJC_ARC = YES;
				CLANG_WARN_BOOL_CONVERSION = YES;
				CLANG_WARN_CONSTANT_CONVERSION = YES;
				CLANG_WARN_DIRECT_OBJC_ISA_USAGE = YES_ERROR;
				CLANG_WARN_EMPTY_BODY = YES;
				CLANG_WARN_ENUM_CONVERSION = YES;
				CLANG_WARN_INT_CONVERSION = YES;
				CLANG_WARN_OBJC_ROOT_CLASS = YES_ERROR;
				CLANG_WARN_UNREACHABLE_CODE = YES;
				CLANG_WARN__DUPLICATE_METHOD_MATCH = YES;
				"CODE_SIGN_IDENTITY[sdk=iphoneos*]" = "iPhone Developer";
				COPY_PHASE_STRIP = YES;
				ENABLE_NS_ASSERTIONS = NO;
				ENABLE_STRICT_OBJC_MSGSEND = YES;
				GCC_C_LANGUAGE_STANDARD = gnu99;
				GCC_WARN_64_TO_32_BIT_CONVERSION = YES;
				GCC_WARN_ABOUT_RETURN_TYPE = YES_ERROR;
				GCC_WARN_UNDECLARED_SELECTOR = YES;
				GCC_WARN_UNINITIALIZED_AUTOS = YES_AGGRESSIVE;
				GCC_WARN_UNUSED_FUNCTION = YES;
				GCC_WARN_UNUSED_VARIABLE = YES;
				IPHONEOS_DEPLOYMENT_TARGET = 8.1;
				MTL_ENABLE_DEBUG_INFO = NO;
				SDKROOT = iphoneos;
				TARGETED_DEVICE_FAMILY = "1,2";
				VALIDATE_PRODUCT = YES;
			};
			name = Release;
		};
		AF2D7AD31A0133360012434B /* Debug */ = {
			isa = XCBuildConfiguration;
			buildSettings = {
				ASSETCATALOG_COMPILER_APPICON_NAME = AppIcon;
				INFOPLIST_FILE = TecladoCustomizado/Info.plist;
				LD_RUNPATH_SEARCH_PATHS = "$(inherited) @executable_path/Frameworks";
				PRODUCT_NAME = "$(TARGET_NAME)";
			};
			name = Debug;
		};
		AF2D7AD41A0133360012434B /* Release */ = {
			isa = XCBuildConfiguration;
			buildSettings = {
				ASSETCATALOG_COMPILER_APPICON_NAME = AppIcon;
				INFOPLIST_FILE = TecladoCustomizado/Info.plist;
				LD_RUNPATH_SEARCH_PATHS = "$(inherited) @executable_path/Frameworks";
				PRODUCT_NAME = "$(TARGET_NAME)";
			};
			name = Release;
		};
		AF2D7AD61A0133360012434B /* Debug */ = {
			isa = XCBuildConfiguration;
			buildSettings = {
				BUNDLE_LOADER = "$(TEST_HOST)";
				FRAMEWORK_SEARCH_PATHS = (
					"$(SDKROOT)/Developer/Library/Frameworks",
					"$(inherited)",
				);
				GCC_PREPROCESSOR_DEFINITIONS = (
					"DEBUG=1",
					"$(inherited)",
				);
				INFOPLIST_FILE = TecladoCustomizadoTests/Info.plist;
				LD_RUNPATH_SEARCH_PATHS = "$(inherited) @executable_path/Frameworks @loader_path/Frameworks";
				PRODUCT_NAME = "$(TARGET_NAME)";
				TEST_HOST = "$(BUILT_PRODUCTS_DIR)/TecladoCustomizado.app/TecladoCustomizado";
			};
			name = Debug;
		};
		AF2D7AD71A0133360012434B /* Release */ = {
			isa = XCBuildConfiguration;
			buildSettings = {
				BUNDLE_LOADER = "$(TEST_HOST)";
				FRAMEWORK_SEARCH_PATHS = (
					"$(SDKROOT)/Developer/Library/Frameworks",
					"$(inherited)",
				);
				INFOPLIST_FILE = TecladoCustomizadoTests/Info.plist;
				LD_RUNPATH_SEARCH_PATHS = "$(inherited) @executable_path/Frameworks @loader_path/Frameworks";
				PRODUCT_NAME = "$(TARGET_NAME)";
				TEST_HOST = "$(BUILT_PRODUCTS_DIR)/TecladoCustomizado.app/TecladoCustomizado";
			};
			name = Release;
		};
/* End XCBuildConfiguration section */

/* Begin XCConfigurationList section */
		AF2D7AAE1A0133360012434B /* Build configuration list for PBXProject "TecladoCustomizado" */ = {
			isa = XCConfigurationList;
			buildConfigurations = (
				AF2D7AD01A0133360012434B /* Debug */,
				AF2D7AD11A0133360012434B /* Release */,
			);
			defaultConfigurationIsVisible = 0;
			defaultConfigurationName = Release;
		};
		AF2D7AD21A0133360012434B /* Build configuration list for PBXNativeTarget "TecladoCustomizado" */ = {
			isa = XCConfigurationList;
			buildConfigurations = (
				AF2D7AD31A0133360012434B /* Debug */,
				AF2D7AD41A0133360012434B /* Release */,
			);
			defaultConfigurationIsVisible = 0;
		};
		AF2D7AD51A0133360012434B /* Build configuration list for PBXNativeTarget "TecladoCustomizadoTests" */ = {
			isa = XCConfigurationList;
			buildConfigurations = (
				AF2D7AD61A0133360012434B /* Debug */,
				AF2D7AD71A0133360012434B /* Release */,
			);
			defaultConfigurationIsVisible = 0;
		};
/* End XCConfigurationList section */
	};
	rootObject = AF2D7AAB1A0133360012434B /* Project object */;
}
