// !$*UTF8*$!
{
	archiveVersion = 1;
	classes = {
	};
	objectVersion = 46;
	objects = {

/* Begin PBXBuildFile section */
		719CC2CB19DB29EC004C1D6C /* AppDelegate.swift in Sources */ = {isa = PBXBuildFile; fileRef = 719CC2CA19DB29EC004C1D6C /* AppDelegate.swift */; };
		719CC2D019DB29EC004C1D6C /* Main.storyboard in Resources */ = {isa = PBXBuildFile; fileRef = 719CC2CE19DB29EC004C1D6C /* Main.storyboard */; };
		719CC2D219DB29EC004C1D6C /* Images.xcassets in Resources */ = {isa = PBXBuildFile; fileRef = 719CC2D119DB29EC004C1D6C /* Images.xcassets */; };
		719CC2D519DB29EC004C1D6C /* LaunchScreen.xib in Resources */ = {isa = PBXBuildFile; fileRef = 719CC2D319DB29EC004C1D6C /* LaunchScreen.xib */; };
		719CC2E119DB29EC004C1D6C /* MediaItemPickerTests.swift in Sources */ = {isa = PBXBuildFile; fileRef = 719CC2E019DB29EC004C1D6C /* MediaItemPickerTests.swift */; };
		71BFBDCB1A197FBA008EE661 /* ViewController.swift in Sources */ = {isa = PBXBuildFile; fileRef = 71BFBDCA1A197FBA008EE661 /* ViewController.swift */; };
/* End PBXBuildFile section */

/* Begin PBXContainerItemProxy section */
		719CC2DB19DB29EC004C1D6C /* PBXContainerItemProxy */ = {
			isa = PBXContainerItemProxy;
			containerPortal = 719CC2BD19DB29EC004C1D6C /* Project object */;
			proxyType = 1;
			remoteGlobalIDString = 719CC2C419DB29EC004C1D6C;
			remoteInfo = MediaItemPicker;
		};
/* End PBXContainerItemProxy section */

/* Begin PBXFileReference section */
		719CC2C519DB29EC004C1D6C /* MediaItemPicker.app */ = {isa = PBXFileReference; explicitFileType = wrapper.application; includeInIndex = 0; path = MediaItemPicker.app; sourceTree = BUILT_PRODUCTS_DIR; };
		719CC2C919DB29EC004C1D6C /* Info.plist */ = {isa = PBXFileReference; lastKnownFileType = text.plist.xml; path = Info.plist; sourceTree = "<group>"; };
		719CC2CA19DB29EC004C1D6C /* AppDelegate.swift */ = {isa = PBXFileReference; lastKnownFileType = sourcecode.swift; path = AppDelegate.swift; sourceTree = "<group>"; };
		719CC2CF19DB29EC004C1D6C /* Base */ = {isa = PBXFileReference; lastKnownFileType = file.storyboard; name = Base; path = Base.lproj/Main.storyboard; sourceTree = "<group>"; };
		719CC2D119DB29EC004C1D6C /* Images.xcassets */ = {isa = PBXFileReference; lastKnownFileType = folder.assetcatalog; path = Images.xcassets; sourceTree = "<group>"; };
		719CC2D419DB29EC004C1D6C /* Base */ = {isa = PBXFileReference; lastKnownFileType = file.xib; name = Base; path = Base.lproj/LaunchScreen.xib; sourceTree = "<group>"; };
		719CC2DA19DB29EC004C1D6C /* MediaItemPickerTests.xctest */ = {isa = PBXFileReference; explicitFileType = wrapper.cfbundle; includeInIndex = 0; path = MediaItemPickerTests.xctest; sourceTree = BUILT_PRODUCTS_DIR; };
		719CC2DF19DB29EC004C1D6C /* Info.plist */ = {isa = PBXFileReference; lastKnownFileType = text.plist.xml; path = Info.plist; sourceTree = "<group>"; };
		719CC2E019DB29EC004C1D6C /* MediaItemPickerTests.swift */ = {isa = PBXFileReference; lastKnownFileType = sourcecode.swift; path = MediaItemPickerTests.swift; sourceTree = "<group>"; };
		71BFBDCA1A197FBA008EE661 /* ViewController.swift */ = {isa = PBXFileReference; fileEncoding = 4; lastKnownFileType = sourcecode.swift; name = ViewController.swift; path = ../ViewController.swift; sourceTree = "<group>"; };
/* End PBXFileReference section */

/* Begin PBXFrameworksBuildPhase section */
		719CC2C219DB29EC004C1D6C /* Frameworks */ = {
			isa = PBXFrameworksBuildPhase;
			buildActionMask = 2147483647;
			files = (
			);
			runOnlyForDeploymentPostprocessing = 0;
		};
		719CC2D719DB29EC004C1D6C /* Frameworks */ = {
			isa = PBXFrameworksBuildPhase;
			buildActionMask = 2147483647;
			files = (
			);
			runOnlyForDeploymentPostprocessing = 0;
		};
/* End PBXFrameworksBuildPhase section */

/* Begin PBXGroup section */
		719CC2BC19DB29EC004C1D6C = {
			isa = PBXGroup;
			children = (
				719CC2C719DB29EC004C1D6C /* MediaItemPicker */,
				719CC2DD19DB29EC004C1D6C /* MediaItemPickerTests */,
				719CC2C619DB29EC004C1D6C /* Products */,
			);
			sourceTree = "<group>";
		};
		719CC2C619DB29EC004C1D6C /* Products */ = {
			isa = PBXGroup;
			children = (
				719CC2C519DB29EC004C1D6C /* MediaItemPicker.app */,
				719CC2DA19DB29EC004C1D6C /* MediaItemPickerTests.xctest */,
			);
			name = Products;
			sourceTree = "<group>";
		};
		719CC2C719DB29EC004C1D6C /* MediaItemPicker */ = {
			isa = PBXGroup;
			children = (
				719CC2CA19DB29EC004C1D6C /* AppDelegate.swift */,
				71BFBDCA1A197FBA008EE661 /* ViewController.swift */,
				719CC2CE19DB29EC004C1D6C /* Main.storyboard */,
				719CC2D119DB29EC004C1D6C /* Images.xcassets */,
				719CC2D319DB29EC004C1D6C /* LaunchScreen.xib */,
				719CC2C819DB29EC004C1D6C /* Supporting Files */,
			);
			path = MediaItemPicker;
			sourceTree = "<group>";
		};
		719CC2C819DB29EC004C1D6C /* Supporting Files */ = {
			isa = PBXGroup;
			children = (
				719CC2C919DB29EC004C1D6C /* Info.plist */,
			);
			name = "Supporting Files";
			sourceTree = "<group>";
		};
		719CC2DD19DB29EC004C1D6C /* MediaItemPickerTests */ = {
			isa = PBXGroup;
			children = (
				719CC2E019DB29EC004C1D6C /* MediaItemPickerTests.swift */,
				719CC2DE19DB29EC004C1D6C /* Supporting Files */,
			);
			path = MediaItemPickerTests;
			sourceTree = "<group>";
		};
		719CC2DE19DB29EC004C1D6C /* Supporting Files */ = {
			isa = PBXGroup;
			children = (
				719CC2DF19DB29EC004C1D6C /* Info.plist */,
			);
			name = "Supporting Files";
			sourceTree = "<group>";
		};
/* End PBXGroup section */

/* Begin PBXNativeTarget section */
		719CC2C419DB29EC004C1D6C /* MediaItemPicker */ = {
			isa = PBXNativeTarget;
			buildConfigurationList = 719CC2E419DB29EC004C1D6C /* Build configuration list for PBXNativeTarget "MediaItemPicker" */;
			buildPhases = (
				719CC2C119DB29EC004C1D6C /* Sources */,
				719CC2C219DB29EC004C1D6C /* Frameworks */,
				719CC2C319DB29EC004C1D6C /* Resources */,
			);
			buildRules = (
			);
			dependencies = (
			);
			name = MediaItemPicker;
			productName = MediaItemPicker;
			productReference = 719CC2C519DB29EC004C1D6C /* MediaItemPicker.app */;
			productType = "com.apple.product-type.application";
		};
		719CC2D919DB29EC004C1D6C /* MediaItemPickerTests */ = {
			isa = PBXNativeTarget;
			buildConfigurationList = 719CC2E719DB29EC004C1D6C /* Build configuration list for PBXNativeTarget "MediaItemPickerTests" */;
			buildPhases = (
				719CC2D619DB29EC004C1D6C /* Sources */,
				719CC2D719DB29EC004C1D6C /* Frameworks */,
				719CC2D819DB29EC004C1D6C /* Resources */,
			);
			buildRules = (
			);
			dependencies = (
				719CC2DC19DB29EC004C1D6C /* PBXTargetDependency */,
			);
			name = MediaItemPickerTests;
			productName = MediaItemPickerTests;
			productReference = 719CC2DA19DB29EC004C1D6C /* MediaItemPickerTests.xctest */;
			productType = "com.apple.product-type.bundle.unit-test";
		};
/* End PBXNativeTarget section */

/* Begin PBXProject section */
		719CC2BD19DB29EC004C1D6C /* Project object */ = {
			isa = PBXProject;
			attributes = {
				LastUpgradeCheck = 0600;
				ORGANIZATIONNAME = personal;
				TargetAttributes = {
					719CC2C419DB29EC004C1D6C = {
						CreatedOnToolsVersion = 6.0;
					};
					719CC2D919DB29EC004C1D6C = {
						CreatedOnToolsVersion = 6.0;
						TestTargetID = 719CC2C419DB29EC004C1D6C;
					};
				};
			};
			buildConfigurationList = 719CC2C019DB29EC004C1D6C /* Build configuration list for PBXProject "MediaItemPicker" */;
			compatibilityVersion = "Xcode 3.2";
			developmentRegion = English;
			hasScannedForEncodings = 0;
			knownRegions = (
				en,
				Base,
			);
			mainGroup = 719CC2BC19DB29EC004C1D6C;
			productRefGroup = 719CC2C619DB29EC004C1D6C /* Products */;
			projectDirPath = "";
			projectRoot = "";
			targets = (
				719CC2C419DB29EC004C1D6C /* MediaItemPicker */,
				719CC2D919DB29EC004C1D6C /* MediaItemPickerTests */,
			);
		};
/* End PBXProject section */

/* Begin PBXResourcesBuildPhase section */
		719CC2C319DB29EC004C1D6C /* Resources */ = {
			isa = PBXResourcesBuildPhase;
			buildActionMask = 2147483647;
			files = (
				719CC2D019DB29EC004C1D6C /* Main.storyboard in Resources */,
				719CC2D519DB29EC004C1D6C /* LaunchScreen.xib in Resources */,
				719CC2D219DB29EC004C1D6C /* Images.xcassets in Resources */,
			);
			runOnlyForDeploymentPostprocessing = 0;
		};
		719CC2D819DB29EC004C1D6C /* Resources */ = {
			isa = PBXResourcesBuildPhase;
			buildActionMask = 2147483647;
			files = (
			);
			runOnlyForDeploymentPostprocessing = 0;
		};
/* End PBXResourcesBuildPhase section */

/* Begin PBXSourcesBuildPhase section */
		719CC2C119DB29EC004C1D6C /* Sources */ = {
			isa = PBXSourcesBuildPhase;
			buildActionMask = 2147483647;
			files = (
				71BFBDCB1A197FBA008EE661 /* ViewController.swift in Sources */,
				719CC2CB19DB29EC004C1D6C /* AppDelegate.swift in Sources */,
			);
			runOnlyForDeploymentPostprocessing = 0;
		};
		719CC2D619DB29EC004C1D6C /* Sources */ = {
			isa = PBXSourcesBuildPhase;
			buildActionMask = 2147483647;
			files = (
				719CC2E119DB29EC004C1D6C /* MediaItemPickerTests.swift in Sources */,
			);
			runOnlyForDeploymentPostprocessing = 0;
		};
/* End PBXSourcesBuildPhase section */

/* Begin PBXTargetDependency section */
		719CC2DC19DB29EC004C1D6C /* PBXTargetDependency */ = {
			isa = PBXTargetDependency;
			target = 719CC2C419DB29EC004C1D6C /* MediaItemPicker */;
			targetProxy = 719CC2DB19DB29EC004C1D6C /* PBXContainerItemProxy */;
		};
/* End PBXTargetDependency section */

/* Begin PBXVariantGroup section */
		719CC2CE19DB29EC004C1D6C /* Main.storyboard */ = {
			isa = PBXVariantGroup;
			children = (
				719CC2CF19DB29EC004C1D6C /* Base */,
			);
			name = Main.storyboard;
			sourceTree = "<group>";
		};
		719CC2D319DB29EC004C1D6C /* LaunchScreen.xib */ = {
			isa = PBXVariantGroup;
			children = (
				719CC2D419DB29EC004C1D6C /* Base */,
			);
			name = LaunchScreen.xib;
			sourceTree = "<group>";
		};
/* End PBXVariantGroup section */

/* Begin XCBuildConfiguration section */
		719CC2E219DB29EC004C1D6C /* Debug */ = {
			isa = XCBuildConfiguration;
			buildSettings = {
				ALWAYS_SEARCH_USER_PATHS = NO;
				CLANG_CXX_LANGUAGE_STANDARD = "gnu++0x";
				CLANG_CXX_LIBRARY = "libc++";
				CLANG_ENABLE_MODULES = YES;
				CLANG_ENABLE_OBJC_ARC = YES;
				CLANG_WARN_BOOL_CONVERSION = YES;
				CLANG_WARN_CONSTANT_CONVERSION = YES;
				CLANG_WARN_DIRECT_OBJC_ISA_USAGE = YES_ERROR;
				CLANG_WARN_EMPTY_BODY = YES;
				CLANG_WARN_ENUM_CONVERSION = YES;
				CLANG_WARN_INT_CONVERSION = YES;
				CLANG_WARN_OBJC_ROOT_CLASS = YES_ERROR;
				CLANG_WARN_UNREACHABLE_CODE = YES;
				CLANG_WARN__DUPLICATE_METHOD_MATCH = YES;
				"CODE_SIGN_IDENTITY[sdk=iphoneos*]" = "iPhone Developer";
				COPY_PHASE_STRIP = NO;
				ENABLE_STRICT_OBJC_MSGSEND = YES;
				GCC_C_LANGUAGE_STANDARD = gnu99;
				GCC_DYNAMIC_NO_PIC = NO;
				GCC_OPTIMIZATION_LEVEL = 0;
				GCC_PREPROCESSOR_DEFINITIONS = (
					"DEBUG=1",
					"$(inherited)",
				);
				GCC_SYMBOLS_PRIVATE_EXTERN = NO;
				GCC_WARN_64_TO_32_BIT_CONVERSION = YES;
				GCC_WARN_ABOUT_RETURN_TYPE = YES_ERROR;
				GCC_WARN_UNDECLARED_SELECTOR = YES;
				GCC_WARN_UNINITIALIZED_AUTOS = YES_AGGRESSIVE;
				GCC_WARN_UNUSED_FUNCTION = YES;
				GCC_WARN_UNUSED_VARIABLE = YES;
				IPHONEOS_DEPLOYMENT_TARGET = 8.0;
				MTL_ENABLE_DEBUG_INFO = YES;
				ONLY_ACTIVE_ARCH = YES;
				SDKROOT = iphoneos;
				SWIFT_OPTIMIZATION_LEVEL = "-Onone";
			};
			name = Debug;
		};
		719CC2E319DB29EC004C1D6C /* Release */ = {
			isa = XCBuildConfiguration;
			buildSettings = {
				ALWAYS_SEARCH_USER_PATHS = NO;
				CLANG_CXX_LANGUAGE_STANDARD = "gnu++0x";
				CLANG_CXX_LIBRARY = "libc++";
				CLANG_ENABLE_MODULES = YES;
				CLANG_ENABLE_OBJC_ARC = YES;
				CLANG_WARN_BOOL_CONVERSION = YES;
				CLANG_WARN_CONSTANT_CONVERSION = YES;
				CLANG_WARN_DIRECT_OBJC_ISA_USAGE = YES_ERROR;
				CLANG_WARN_EMPTY_BODY = YES;
				CLANG_WARN_ENUM_CONVERSION = YES;
				CLANG_WARN_INT_CONVERSION = YES;
				CLANG_WARN_OBJC_ROOT_CLASS = YES_ERROR;
				CLANG_WARN_UNREACHABLE_CODE = YES;
				CLANG_WARN__DUPLICATE_METHOD_MATCH = YES;
				"CODE_SIGN_IDENTITY[sdk=iphoneos*]" = "iPhone Developer";
				COPY_PHASE_STRIP = YES;
				ENABLE_NS_ASSERTIONS = NO;
				ENABLE_STRICT_OBJC_MSGSEND = YES;
				GCC_C_LANGUAGE_STANDARD = gnu99;
				GCC_WARN_64_TO_32_BIT_CONVERSION = YES;
				GCC_WARN_ABOUT_RETURN_TYPE = YES_ERROR;
				GCC_WARN_UNDECLARED_SELECTOR = YES;
				GCC_WARN_UNINITIALIZED_AUTOS = YES_AGGRESSIVE;
				GCC_WARN_UNUSED_FUNCTION = YES;
				GCC_WARN_UNUSED_VARIABLE = YES;
				IPHONEOS_DEPLOYMENT_TARGET = 8.0;
				MTL_ENABLE_DEBUG_INFO = NO;
				SDKROOT = iphoneos;
				VALIDATE_PRODUCT = YES;
			};
			name = Release;
		};
		719CC2E519DB29EC004C1D6C /* Debug */ = {
			isa = XCBuildConfiguration;
			buildSettings = {
				ASSETCATALOG_COMPILER_APPICON_NAME = AppIcon;
				INFOPLIST_FILE = MediaItemPicker/Info.plist;
				LD_RUNPATH_SEARCH_PATHS = "$(inherited) @executable_path/Frameworks";
				PRODUCT_NAME = "$(TARGET_NAME)";
			};
			name = Debug;
		};
		719CC2E619DB29EC004C1D6C /* Release */ = {
			isa = XCBuildConfiguration;
			buildSettings = {
				ASSETCATALOG_COMPILER_APPICON_NAME = AppIcon;
				INFOPLIST_FILE = MediaItemPicker/Info.plist;
				LD_RUNPATH_SEARCH_PATHS = "$(inherited) @executable_path/Frameworks";
				PRODUCT_NAME = "$(TARGET_NAME)";
			};
			name = Release;
		};
		719CC2E819DB29EC004C1D6C /* Debug */ = {
			isa = XCBuildConfiguration;
			buildSettings = {
				BUNDLE_LOADER = "$(TEST_HOST)";
				FRAMEWORK_SEARCH_PATHS = (
					"$(SDKROOT)/Developer/Library/Frameworks",
					"$(inherited)",
				);
				GCC_PREPROCESSOR_DEFINITIONS = (
					"DEBUG=1",
					"$(inherited)",
				);
				INFOPLIST_FILE = MediaItemPickerTests/Info.plist;
				LD_RUNPATH_SEARCH_PATHS = "$(inherited) @executable_path/Frameworks @loader_path/Frameworks";
				PRODUCT_NAME = "$(TARGET_NAME)";
				TEST_HOST = "$(BUILT_PRODUCTS_DIR)/MediaItemPicker.app/MediaItemPicker";
			};
			name = Debug;
		};
		719CC2E919DB29EC004C1D6C /* Release */ = {
			isa = XCBuildConfiguration;
			buildSettings = {
				BUNDLE_LOADER = "$(TEST_HOST)";
				FRAMEWORK_SEARCH_PATHS = (
					"$(SDKROOT)/Developer/Library/Frameworks",
					"$(inherited)",
				);
				INFOPLIST_FILE = MediaItemPickerTests/Info.plist;
				LD_RUNPATH_SEARCH_PATHS = "$(inherited) @executable_path/Frameworks @loader_path/Frameworks";
				PRODUCT_NAME = "$(TARGET_NAME)";
				TEST_HOST = "$(BUILT_PRODUCTS_DIR)/MediaItemPicker.app/MediaItemPicker";
			};
			name = Release;
		};
/* End XCBuildConfiguration section */

/* Begin XCConfigurationList section */
		719CC2C019DB29EC004C1D6C /* Build configuration list for PBXProject "MediaItemPicker" */ = {
			isa = XCConfigurationList;
			buildConfigurations = (
				719CC2E219DB29EC004C1D6C /* Debug */,
				719CC2E319DB29EC004C1D6C /* Release */,
			);
			defaultConfigurationIsVisible = 0;
			defaultConfigurationName = Release;
		};
		719CC2E419DB29EC004C1D6C /* Build configuration list for PBXNativeTarget "MediaItemPicker" */ = {
			isa = XCConfigurationList;
			buildConfigurations = (
				719CC2E519DB29EC004C1D6C /* Debug */,
				719CC2E619DB29EC004C1D6C /* Release */,
			);
			defaultConfigurationIsVisible = 0;
			defaultConfigurationName = Release;
		};
		719CC2E719DB29EC004C1D6C /* Build configuration list for PBXNativeTarget "MediaItemPickerTests" */ = {
			isa = XCConfigurationList;
			buildConfigurations = (
				719CC2E819DB29EC004C1D6C /* Debug */,
				719CC2E919DB29EC004C1D6C /* Release */,
			);
			defaultConfigurationIsVisible = 0;
			defaultConfigurationName = Release;
		};
/* End XCConfigurationList section */
	};
	rootObject = 719CC2BD19DB29EC004C1D6C /* Project object */;
}
