// !$*UTF8*$!
{
	archiveVersion = 1;
	classes = {
	};
	objectVersion = 46;
	objects = {

/* Begin PBXBuildFile section */
		9A9584531B9485D1002CC285 /* AppDelegate.swift in Sources */ = {isa = PBXBuildFile; fileRef = 9A9584521B9485D1002CC285 /* AppDelegate.swift */; };
		9A9584551B9485D1002CC285 /* ViewController.swift in Sources */ = {isa = PBXBuildFile; fileRef = 9A9584541B9485D1002CC285 /* ViewController.swift */; };
		9A9584581B9485D1002CC285 /* Main.storyboard in Resources */ = {isa = PBXBuildFile; fileRef = 9A9584561B9485D1002CC285 /* Main.storyboard */; };
		9A95845A1B9485D1002CC285 /* Images.xcassets in Resources */ = {isa = PBXBuildFile; fileRef = 9A9584591B9485D1002CC285 /* Images.xcassets */; };
		9A95845D1B9485D1002CC285 /* LaunchScreen.xib in Resources */ = {isa = PBXBuildFile; fileRef = 9A95845B1B9485D1002CC285 /* LaunchScreen.xib */; };
		9A9584691B9485D1002CC285 /* CertificadoDemoTests.swift in Sources */ = {isa = PBXBuildFile; fileRef = 9A9584681B9485D1002CC285 /* CertificadoDemoTests.swift */; };
		9A9584731B9498BF002CC285 /* beep.m4a in Resources */ = {isa = PBXBuildFile; fileRef = 9A9584721B9498BF002CC285 /* beep.m4a */; };
/* End PBXBuildFile section */

/* Begin PBXContainerItemProxy section */
		9A9584631B9485D1002CC285 /* PBXContainerItemProxy */ = {
			isa = PBXContainerItemProxy;
			containerPortal = 9A9584451B9485D1002CC285 /* Project object */;
			proxyType = 1;
			remoteGlobalIDString = 9A95844C1B9485D1002CC285;
			remoteInfo = CertificadoDemo;
		};
/* End PBXContainerItemProxy section */

/* Begin PBXFileReference section */
		9A95844D1B9485D1002CC285 /* CertificadoDemo.app */ = {isa = PBXFileReference; explicitFileType = wrapper.application; includeInIndex = 0; path = CertificadoDemo.app; sourceTree = BUILT_PRODUCTS_DIR; };
		9A9584511B9485D1002CC285 /* Info.plist */ = {isa = PBXFileReference; lastKnownFileType = text.plist.xml; path = Info.plist; sourceTree = "<group>"; };
		9A9584521B9485D1002CC285 /* AppDelegate.swift */ = {isa = PBXFileReference; lastKnownFileType = sourcecode.swift; path = AppDelegate.swift; sourceTree = "<group>"; };
		9A9584541B9485D1002CC285 /* ViewController.swift */ = {isa = PBXFileReference; lastKnownFileType = sourcecode.swift; path = ViewController.swift; sourceTree = "<group>"; };
		9A9584571B9485D1002CC285 /* Base */ = {isa = PBXFileReference; lastKnownFileType = file.storyboard; name = Base; path = Base.lproj/Main.storyboard; sourceTree = "<group>"; };
		9A9584591B9485D1002CC285 /* Images.xcassets */ = {isa = PBXFileReference; lastKnownFileType = folder.assetcatalog; path = Images.xcassets; sourceTree = "<group>"; };
		9A95845C1B9485D1002CC285 /* Base */ = {isa = PBXFileReference; lastKnownFileType = file.xib; name = Base; path = Base.lproj/LaunchScreen.xib; sourceTree = "<group>"; };
		9A9584621B9485D1002CC285 /* CertificadoDemoTests.xctest */ = {isa = PBXFileReference; explicitFileType = wrapper.cfbundle; includeInIndex = 0; path = CertificadoDemoTests.xctest; sourceTree = BUILT_PRODUCTS_DIR; };
		9A9584671B9485D1002CC285 /* Info.plist */ = {isa = PBXFileReference; lastKnownFileType = text.plist.xml; path = Info.plist; sourceTree = "<group>"; };
		9A9584681B9485D1002CC285 /* CertificadoDemoTests.swift */ = {isa = PBXFileReference; lastKnownFileType = sourcecode.swift; path = CertificadoDemoTests.swift; sourceTree = "<group>"; };
		9A9584721B9498BF002CC285 /* beep.m4a */ = {isa = PBXFileReference; lastKnownFileType = file; path = beep.m4a; sourceTree = "<group>"; };
/* End PBXFileReference section */

/* Begin PBXFrameworksBuildPhase section */
		9A95844A1B9485D1002CC285 /* Frameworks */ = {
			isa = PBXFrameworksBuildPhase;
			buildActionMask = 2147483647;
			files = (
			);
			runOnlyForDeploymentPostprocessing = 0;
		};
		9A95845F1B9485D1002CC285 /* Frameworks */ = {
			isa = PBXFrameworksBuildPhase;
			buildActionMask = 2147483647;
			files = (
			);
			runOnlyForDeploymentPostprocessing = 0;
		};
/* End PBXFrameworksBuildPhase section */

/* Begin PBXGroup section */
		9A9584441B9485D1002CC285 = {
			isa = PBXGroup;
			children = (
				9A95844F1B9485D1002CC285 /* CertificadoDemo */,
				9A9584651B9485D1002CC285 /* CertificadoDemoTests */,
				9A95844E1B9485D1002CC285 /* Products */,
			);
			sourceTree = "<group>";
		};
		9A95844E1B9485D1002CC285 /* Products */ = {
			isa = PBXGroup;
			children = (
				9A95844D1B9485D1002CC285 /* CertificadoDemo.app */,
				9A9584621B9485D1002CC285 /* CertificadoDemoTests.xctest */,
			);
			name = Products;
			sourceTree = "<group>";
		};
		9A95844F1B9485D1002CC285 /* CertificadoDemo */ = {
			isa = PBXGroup;
			children = (
				9A9584721B9498BF002CC285 /* beep.m4a */,
				9A9584521B9485D1002CC285 /* AppDelegate.swift */,
				9A9584541B9485D1002CC285 /* ViewController.swift */,
				9A9584561B9485D1002CC285 /* Main.storyboard */,
				9A9584591B9485D1002CC285 /* Images.xcassets */,
				9A95845B1B9485D1002CC285 /* LaunchScreen.xib */,
				9A9584501B9485D1002CC285 /* Supporting Files */,
			);
			path = CertificadoDemo;
			sourceTree = "<group>";
		};
		9A9584501B9485D1002CC285 /* Supporting Files */ = {
			isa = PBXGroup;
			children = (
				9A9584511B9485D1002CC285 /* Info.plist */,
			);
			name = "Supporting Files";
			sourceTree = "<group>";
		};
		9A9584651B9485D1002CC285 /* CertificadoDemoTests */ = {
			isa = PBXGroup;
			children = (
				9A9584681B9485D1002CC285 /* CertificadoDemoTests.swift */,
				9A9584661B9485D1002CC285 /* Supporting Files */,
			);
			path = CertificadoDemoTests;
			sourceTree = "<group>";
		};
		9A9584661B9485D1002CC285 /* Supporting Files */ = {
			isa = PBXGroup;
			children = (
				9A9584671B9485D1002CC285 /* Info.plist */,
			);
			name = "Supporting Files";
			sourceTree = "<group>";
		};
/* End PBXGroup section */

/* Begin PBXNativeTarget section */
		9A95844C1B9485D1002CC285 /* CertificadoDemo */ = {
			isa = PBXNativeTarget;
			buildConfigurationList = 9A95846C1B9485D1002CC285 /* Build configuration list for PBXNativeTarget "CertificadoDemo" */;
			buildPhases = (
				9A9584491B9485D1002CC285 /* Sources */,
				9A95844A1B9485D1002CC285 /* Frameworks */,
				9A95844B1B9485D1002CC285 /* Resources */,
			);
			buildRules = (
			);
			dependencies = (
			);
			name = CertificadoDemo;
			productName = CertificadoDemo;
			productReference = 9A95844D1B9485D1002CC285 /* CertificadoDemo.app */;
			productType = "com.apple.product-type.application";
		};
		9A9584611B9485D1002CC285 /* CertificadoDemoTests */ = {
			isa = PBXNativeTarget;
			buildConfigurationList = 9A95846F1B9485D1002CC285 /* Build configuration list for PBXNativeTarget "CertificadoDemoTests" */;
			buildPhases = (
				9A95845E1B9485D1002CC285 /* Sources */,
				9A95845F1B9485D1002CC285 /* Frameworks */,
				9A9584601B9485D1002CC285 /* Resources */,
			);
			buildRules = (
			);
			dependencies = (
				9A9584641B9485D1002CC285 /* PBXTargetDependency */,
			);
			name = CertificadoDemoTests;
			productName = CertificadoDemoTests;
			productReference = 9A9584621B9485D1002CC285 /* CertificadoDemoTests.xctest */;
			productType = "com.apple.product-type.bundle.unit-test";
		};
/* End PBXNativeTarget section */

/* Begin PBXProject section */
		9A9584451B9485D1002CC285 /* Project object */ = {
			isa = PBXProject;
			attributes = {
				LastUpgradeCheck = 0640;
				ORGANIZATIONNAME = "Lucas Longo";
				TargetAttributes = {
					9A95844C1B9485D1002CC285 = {
						CreatedOnToolsVersion = 6.4;
						DevelopmentTeam = 7PZ52KHSNP;
					};
					9A9584611B9485D1002CC285 = {
						CreatedOnToolsVersion = 6.4;
						TestTargetID = 9A95844C1B9485D1002CC285;
					};
				};
			};
			buildConfigurationList = 9A9584481B9485D1002CC285 /* Build configuration list for PBXProject "CertificadoDemo" */;
			compatibilityVersion = "Xcode 3.2";
			developmentRegion = English;
			hasScannedForEncodings = 0;
			knownRegions = (
				en,
				Base,
			);
			mainGroup = 9A9584441B9485D1002CC285;
			productRefGroup = 9A95844E1B9485D1002CC285 /* Products */;
			projectDirPath = "";
			projectRoot = "";
			targets = (
				9A95844C1B9485D1002CC285 /* CertificadoDemo */,
				9A9584611B9485D1002CC285 /* CertificadoDemoTests */,
			);
		};
/* End PBXProject section */

/* Begin PBXResourcesBuildPhase section */
		9A95844B1B9485D1002CC285 /* Resources */ = {
			isa = PBXResourcesBuildPhase;
			buildActionMask = 2147483647;
			files = (
				9A9584731B9498BF002CC285 /* beep.m4a in Resources */,
				9A9584581B9485D1002CC285 /* Main.storyboard in Resources */,
				9A95845D1B9485D1002CC285 /* LaunchScreen.xib in Resources */,
				9A95845A1B9485D1002CC285 /* Images.xcassets in Resources */,
			);
			runOnlyForDeploymentPostprocessing = 0;
		};
		9A9584601B9485D1002CC285 /* Resources */ = {
			isa = PBXResourcesBuildPhase;
			buildActionMask = 2147483647;
			files = (
			);
			runOnlyForDeploymentPostprocessing = 0;
		};
/* End PBXResourcesBuildPhase section */

/* Begin PBXSourcesBuildPhase section */
		9A9584491B9485D1002CC285 /* Sources */ = {
			isa = PBXSourcesBuildPhase;
			buildActionMask = 2147483647;
			files = (
				9A9584551B9485D1002CC285 /* ViewController.swift in Sources */,
				9A9584531B9485D1002CC285 /* AppDelegate.swift in Sources */,
			);
			runOnlyForDeploymentPostprocessing = 0;
		};
		9A95845E1B9485D1002CC285 /* Sources */ = {
			isa = PBXSourcesBuildPhase;
			buildActionMask = 2147483647;
			files = (
				9A9584691B9485D1002CC285 /* CertificadoDemoTests.swift in Sources */,
			);
			runOnlyForDeploymentPostprocessing = 0;
		};
/* End PBXSourcesBuildPhase section */

/* Begin PBXTargetDependency section */
		9A9584641B9485D1002CC285 /* PBXTargetDependency */ = {
			isa = PBXTargetDependency;
			target = 9A95844C1B9485D1002CC285 /* CertificadoDemo */;
			targetProxy = 9A9584631B9485D1002CC285 /* PBXContainerItemProxy */;
		};
/* End PBXTargetDependency section */

/* Begin PBXVariantGroup section */
		9A9584561B9485D1002CC285 /* Main.storyboard */ = {
			isa = PBXVariantGroup;
			children = (
				9A9584571B9485D1002CC285 /* Base */,
			);
			name = Main.storyboard;
			sourceTree = "<group>";
		};
		9A95845B1B9485D1002CC285 /* LaunchScreen.xib */ = {
			isa = PBXVariantGroup;
			children = (
				9A95845C1B9485D1002CC285 /* Base */,
			);
			name = LaunchScreen.xib;
			sourceTree = "<group>";
		};
/* End PBXVariantGroup section */

/* Begin XCBuildConfiguration section */
		9A95846A1B9485D1002CC285 /* Debug */ = {
			isa = XCBuildConfiguration;
			buildSettings = {
				ALWAYS_SEARCH_USER_PATHS = NO;
				CLANG_CXX_LANGUAGE_STANDARD = "gnu++0x";
				CLANG_CXX_LIBRARY = "libc++";
				CLANG_ENABLE_MODULES = YES;
				CLANG_ENABLE_OBJC_ARC = YES;
				CLANG_WARN_BOOL_CONVERSION = YES;
				CLANG_WARN_CONSTANT_CONVERSION = YES;
				CLANG_WARN_DIRECT_OBJC_ISA_USAGE = YES_ERROR;
				CLANG_WARN_EMPTY_BODY = YES;
				CLANG_WARN_ENUM_CONVERSION = YES;
				CLANG_WARN_INT_CONVERSION = YES;
				CLANG_WARN_OBJC_ROOT_CLASS = YES_ERROR;
				CLANG_WARN_UNREACHABLE_CODE = YES;
				CLANG_WARN__DUPLICATE_METHOD_MATCH = YES;
				"CODE_SIGN_IDENTITY[sdk=iphoneos*]" = "iPhone Developer";
				COPY_PHASE_STRIP = NO;
				DEBUG_INFORMATION_FORMAT = "dwarf-with-dsym";
				ENABLE_STRICT_OBJC_MSGSEND = YES;
				GCC_C_LANGUAGE_STANDARD = gnu99;
				GCC_DYNAMIC_NO_PIC = NO;
				GCC_NO_COMMON_BLOCKS = YES;
				GCC_OPTIMIZATION_LEVEL = 0;
				GCC_PREPROCESSOR_DEFINITIONS = (
					"DEBUG=1",
					"$(inherited)",
				);
				GCC_SYMBOLS_PRIVATE_EXTERN = NO;
				GCC_WARN_64_TO_32_BIT_CONVERSION = YES;
				GCC_WARN_ABOUT_RETURN_TYPE = YES_ERROR;
				GCC_WARN_UNDECLARED_SELECTOR = YES;
				GCC_WARN_UNINITIALIZED_AUTOS = YES_AGGRESSIVE;
				GCC_WARN_UNUSED_FUNCTION = YES;
				GCC_WARN_UNUSED_VARIABLE = YES;
				IPHONEOS_DEPLOYMENT_TARGET = 8.4;
				MTL_ENABLE_DEBUG_INFO = YES;
				ONLY_ACTIVE_ARCH = YES;
				SDKROOT = iphoneos;
				SWIFT_OPTIMIZATION_LEVEL = "-Onone";
				TARGETED_DEVICE_FAMILY = "1,2";
			};
			name = Debug;
		};
		9A95846B1B9485D1002CC285 /* Release */ = {
			isa = XCBuildConfiguration;
			buildSettings = {
				ALWAYS_SEARCH_USER_PATHS = NO;
				CLANG_CXX_LANGUAGE_STANDARD = "gnu++0x";
				CLANG_CXX_LIBRARY = "libc++";
				CLANG_ENABLE_MODULES = YES;
				CLANG_ENABLE_OBJC_ARC = YES;
				CLANG_WARN_BOOL_CONVERSION = YES;
				CLANG_WARN_CONSTANT_CONVERSION = YES;
				CLANG_WARN_DIRECT_OBJC_ISA_USAGE = YES_ERROR;
				CLANG_WARN_EMPTY_BODY = YES;
				CLANG_WARN_ENUM_CONVERSION = YES;
				CLANG_WARN_INT_CONVERSION = YES;
				CLANG_WARN_OBJC_ROOT_CLASS = YES_ERROR;
				CLANG_WARN_UNREACHABLE_CODE = YES;
				CLANG_WARN__DUPLICATE_METHOD_MATCH = YES;
				"CODE_SIGN_IDENTITY[sdk=iphoneos*]" = "iPhone Developer";
				COPY_PHASE_STRIP = NO;
				DEBUG_INFORMATION_FORMAT = "dwarf-with-dsym";
				ENABLE_NS_ASSERTIONS = NO;
				ENABLE_STRICT_OBJC_MSGSEND = YES;
				GCC_C_LANGUAGE_STANDARD = gnu99;
				GCC_NO_COMMON_BLOCKS = YES;
				GCC_WARN_64_TO_32_BIT_CONVERSION = YES;
				GCC_WARN_ABOUT_RETURN_TYPE = YES_ERROR;
				GCC_WARN_UNDECLARED_SELECTOR = YES;
				GCC_WARN_UNINITIALIZED_AUTOS = YES_AGGRESSIVE;
				GCC_WARN_UNUSED_FUNCTION = YES;
				GCC_WARN_UNUSED_VARIABLE = YES;
				IPHONEOS_DEPLOYMENT_TARGET = 8.4;
				MTL_ENABLE_DEBUG_INFO = NO;
				SDKROOT = iphoneos;
				TARGETED_DEVICE_FAMILY = "1,2";
				VALIDATE_PRODUCT = YES;
			};
			name = Release;
		};
		9A95846D1B9485D1002CC285 /* Debug */ = {
			isa = XCBuildConfiguration;
			buildSettings = {
				ASSETCATALOG_COMPILER_APPICON_NAME = AppIcon;
				CODE_SIGN_IDENTITY = "iPhone Developer: Lucas Longo (V69W5C5KJ4)";
				"CODE_SIGN_IDENTITY[sdk=iphoneos*]" = "iPhone Developer: Lucas Longo (V69W5C5KJ4)";
				INFOPLIST_FILE = CertificadoDemo/Info.plist;
				LD_RUNPATH_SEARCH_PATHS = "$(inherited) @executable_path/Frameworks";
				PRODUCT_NAME = "$(TARGET_NAME)";
				PROVISIONING_PROFILE = "";
			};
			name = Debug;
		};
		9A95846E1B9485D1002CC285 /* Release */ = {
			isa = XCBuildConfiguration;
			buildSettings = {
				ASSETCATALOG_COMPILER_APPICON_NAME = AppIcon;
				CODE_SIGN_IDENTITY = "iPhone Developer";
				"CODE_SIGN_IDENTITY[sdk=iphoneos*]" = "iPhone Developer";
				INFOPLIST_FILE = CertificadoDemo/Info.plist;
				LD_RUNPATH_SEARCH_PATHS = "$(inherited) @executable_path/Frameworks";
				PRODUCT_NAME = "$(TARGET_NAME)";
				PROVISIONING_PROFILE = "";
			};
			name = Release;
		};
		9A9584701B9485D1002CC285 /* Debug */ = {
			isa = XCBuildConfiguration;
			buildSettings = {
				BUNDLE_LOADER = "$(TEST_HOST)";
				FRAMEWORK_SEARCH_PATHS = (
					"$(SDKROOT)/Developer/Library/Frameworks",
					"$(inherited)",
				);
				GCC_PREPROCESSOR_DEFINITIONS = (
					"DEBUG=1",
					"$(inherited)",
				);
				INFOPLIST_FILE = CertificadoDemoTests/Info.plist;
				LD_RUNPATH_SEARCH_PATHS = "$(inherited) @executable_path/Frameworks @loader_path/Frameworks";
				PRODUCT_NAME = "$(TARGET_NAME)";
				TEST_HOST = "$(BUILT_PRODUCTS_DIR)/CertificadoDemo.app/CertificadoDemo";
			};
			name = Debug;
		};
		9A9584711B9485D1002CC285 /* Release */ = {
			isa = XCBuildConfiguration;
			buildSettings = {
				BUNDLE_LOADER = "$(TEST_HOST)";
				FRAMEWORK_SEARCH_PATHS = (
					"$(SDKROOT)/Developer/Library/Frameworks",
					"$(inherited)",
				);
				INFOPLIST_FILE = CertificadoDemoTests/Info.plist;
				LD_RUNPATH_SEARCH_PATHS = "$(inherited) @executable_path/Frameworks @loader_path/Frameworks";
				PRODUCT_NAME = "$(TARGET_NAME)";
				TEST_HOST = "$(BUILT_PRODUCTS_DIR)/CertificadoDemo.app/CertificadoDemo";
			};
			name = Release;
		};
/* End XCBuildConfiguration section */

/* Begin XCConfigurationList section */
		9A9584481B9485D1002CC285 /* Build configuration list for PBXProject "CertificadoDemo" */ = {
			isa = XCConfigurationList;
			buildConfigurations = (
				9A95846A1B9485D1002CC285 /* Debug */,
				9A95846B1B9485D1002CC285 /* Release */,
			);
			defaultConfigurationIsVisible = 0;
			defaultConfigurationName = Release;
		};
		9A95846C1B9485D1002CC285 /* Build configuration list for PBXNativeTarget "CertificadoDemo" */ = {
			isa = XCConfigurationList;
			buildConfigurations = (
				9A95846D1B9485D1002CC285 /* Debug */,
				9A95846E1B9485D1002CC285 /* Release */,
			);
			defaultConfigurationIsVisible = 0;
		};
		9A95846F1B9485D1002CC285 /* Build configuration list for PBXNativeTarget "CertificadoDemoTests" */ = {
			isa = XCConfigurationList;
			buildConfigurations = (
				9A9584701B9485D1002CC285 /* Debug */,
				9A9584711B9485D1002CC285 /* Release */,
			);
			defaultConfigurationIsVisible = 0;
		};
/* End XCConfigurationList section */
	};
	rootObject = 9A9584451B9485D1002CC285 /* Project object */;
}
