// !$*UTF8*$!
{
	archiveVersion = 1;
	classes = {
	};
	objectVersion = 46;
	objects = {

/* Begin PBXBuildFile section */
		9A980BE41B83F4FF00E849EA /* AppDelegate.swift in Sources */ = {isa = PBXBuildFile; fileRef = 9A980BE31B83F4FF00E849EA /* AppDelegate.swift */; };
		9A980BE61B83F4FF00E849EA /* ViewController.swift in Sources */ = {isa = PBXBuildFile; fileRef = 9A980BE51B83F4FF00E849EA /* ViewController.swift */; };
		9A980BE91B83F4FF00E849EA /* Main.storyboard in Resources */ = {isa = PBXBuildFile; fileRef = 9A980BE71B83F4FF00E849EA /* Main.storyboard */; };
		9A980BEB1B83F4FF00E849EA /* Images.xcassets in Resources */ = {isa = PBXBuildFile; fileRef = 9A980BEA1B83F4FF00E849EA /* Images.xcassets */; };
		9A980BEE1B83F4FF00E849EA /* LaunchScreen.xib in Resources */ = {isa = PBXBuildFile; fileRef = 9A980BEC1B83F4FF00E849EA /* LaunchScreen.xib */; };
		9A980BFA1B83F4FF00E849EA /* ParseXMLTests.swift in Sources */ = {isa = PBXBuildFile; fileRef = 9A980BF91B83F4FF00E849EA /* ParseXMLTests.swift */; };
/* End PBXBuildFile section */

/* Begin PBXContainerItemProxy section */
		9A980BF41B83F4FF00E849EA /* PBXContainerItemProxy */ = {
			isa = PBXContainerItemProxy;
			containerPortal = 9A980BD61B83F4FF00E849EA /* Project object */;
			proxyType = 1;
			remoteGlobalIDString = 9A980BDD1B83F4FF00E849EA;
			remoteInfo = ParseXML;
		};
/* End PBXContainerItemProxy section */

/* Begin PBXFileReference section */
		9A980BDE1B83F4FF00E849EA /* ParseXML.app */ = {isa = PBXFileReference; explicitFileType = wrapper.application; includeInIndex = 0; path = ParseXML.app; sourceTree = BUILT_PRODUCTS_DIR; };
		9A980BE21B83F4FF00E849EA /* Info.plist */ = {isa = PBXFileReference; lastKnownFileType = text.plist.xml; path = Info.plist; sourceTree = "<group>"; };
		9A980BE31B83F4FF00E849EA /* AppDelegate.swift */ = {isa = PBXFileReference; lastKnownFileType = sourcecode.swift; path = AppDelegate.swift; sourceTree = "<group>"; };
		9A980BE51B83F4FF00E849EA /* ViewController.swift */ = {isa = PBXFileReference; lastKnownFileType = sourcecode.swift; path = ViewController.swift; sourceTree = "<group>"; };
		9A980BE81B83F4FF00E849EA /* Base */ = {isa = PBXFileReference; lastKnownFileType = file.storyboard; name = Base; path = Base.lproj/Main.storyboard; sourceTree = "<group>"; };
		9A980BEA1B83F4FF00E849EA /* Images.xcassets */ = {isa = PBXFileReference; lastKnownFileType = folder.assetcatalog; path = Images.xcassets; sourceTree = "<group>"; };
		9A980BED1B83F4FF00E849EA /* Base */ = {isa = PBXFileReference; lastKnownFileType = file.xib; name = Base; path = Base.lproj/LaunchScreen.xib; sourceTree = "<group>"; };
		9A980BF31B83F4FF00E849EA /* ParseXMLTests.xctest */ = {isa = PBXFileReference; explicitFileType = wrapper.cfbundle; includeInIndex = 0; path = ParseXMLTests.xctest; sourceTree = BUILT_PRODUCTS_DIR; };
		9A980BF81B83F4FF00E849EA /* Info.plist */ = {isa = PBXFileReference; lastKnownFileType = text.plist.xml; path = Info.plist; sourceTree = "<group>"; };
		9A980BF91B83F4FF00E849EA /* ParseXMLTests.swift */ = {isa = PBXFileReference; lastKnownFileType = sourcecode.swift; path = ParseXMLTests.swift; sourceTree = "<group>"; };
/* End PBXFileReference section */

/* Begin PBXFrameworksBuildPhase section */
		9A980BDB1B83F4FF00E849EA /* Frameworks */ = {
			isa = PBXFrameworksBuildPhase;
			buildActionMask = 2147483647;
			files = (
			);
			runOnlyForDeploymentPostprocessing = 0;
		};
		9A980BF01B83F4FF00E849EA /* Frameworks */ = {
			isa = PBXFrameworksBuildPhase;
			buildActionMask = 2147483647;
			files = (
			);
			runOnlyForDeploymentPostprocessing = 0;
		};
/* End PBXFrameworksBuildPhase section */

/* Begin PBXGroup section */
		9A980BD51B83F4FF00E849EA = {
			isa = PBXGroup;
			children = (
				9A980BE01B83F4FF00E849EA /* ParseXML */,
				9A980BF61B83F4FF00E849EA /* ParseXMLTests */,
				9A980BDF1B83F4FF00E849EA /* Products */,
			);
			sourceTree = "<group>";
		};
		9A980BDF1B83F4FF00E849EA /* Products */ = {
			isa = PBXGroup;
			children = (
				9A980BDE1B83F4FF00E849EA /* ParseXML.app */,
				9A980BF31B83F4FF00E849EA /* ParseXMLTests.xctest */,
			);
			name = Products;
			sourceTree = "<group>";
		};
		9A980BE01B83F4FF00E849EA /* ParseXML */ = {
			isa = PBXGroup;
			children = (
				9A980BE31B83F4FF00E849EA /* AppDelegate.swift */,
				9A980BE51B83F4FF00E849EA /* ViewController.swift */,
				9A980BE71B83F4FF00E849EA /* Main.storyboard */,
				9A980BEA1B83F4FF00E849EA /* Images.xcassets */,
				9A980BEC1B83F4FF00E849EA /* LaunchScreen.xib */,
				9A980BE11B83F4FF00E849EA /* Supporting Files */,
			);
			path = ParseXML;
			sourceTree = "<group>";
		};
		9A980BE11B83F4FF00E849EA /* Supporting Files */ = {
			isa = PBXGroup;
			children = (
				9A980BE21B83F4FF00E849EA /* Info.plist */,
			);
			name = "Supporting Files";
			sourceTree = "<group>";
		};
		9A980BF61B83F4FF00E849EA /* ParseXMLTests */ = {
			isa = PBXGroup;
			children = (
				9A980BF91B83F4FF00E849EA /* ParseXMLTests.swift */,
				9A980BF71B83F4FF00E849EA /* Supporting Files */,
			);
			path = ParseXMLTests;
			sourceTree = "<group>";
		};
		9A980BF71B83F4FF00E849EA /* Supporting Files */ = {
			isa = PBXGroup;
			children = (
				9A980BF81B83F4FF00E849EA /* Info.plist */,
			);
			name = "Supporting Files";
			sourceTree = "<group>";
		};
/* End PBXGroup section */

/* Begin PBXNativeTarget section */
		9A980BDD1B83F4FF00E849EA /* ParseXML */ = {
			isa = PBXNativeTarget;
			buildConfigurationList = 9A980BFD1B83F4FF00E849EA /* Build configuration list for PBXNativeTarget "ParseXML" */;
			buildPhases = (
				9A980BDA1B83F4FF00E849EA /* Sources */,
				9A980BDB1B83F4FF00E849EA /* Frameworks */,
				9A980BDC1B83F4FF00E849EA /* Resources */,
			);
			buildRules = (
			);
			dependencies = (
			);
			name = ParseXML;
			productName = ParseXML;
			productReference = 9A980BDE1B83F4FF00E849EA /* ParseXML.app */;
			productType = "com.apple.product-type.application";
		};
		9A980BF21B83F4FF00E849EA /* ParseXMLTests */ = {
			isa = PBXNativeTarget;
			buildConfigurationList = 9A980C001B83F4FF00E849EA /* Build configuration list for PBXNativeTarget "ParseXMLTests" */;
			buildPhases = (
				9A980BEF1B83F4FF00E849EA /* Sources */,
				9A980BF01B83F4FF00E849EA /* Frameworks */,
				9A980BF11B83F4FF00E849EA /* Resources */,
			);
			buildRules = (
			);
			dependencies = (
				9A980BF51B83F4FF00E849EA /* PBXTargetDependency */,
			);
			name = ParseXMLTests;
			productName = ParseXMLTests;
			productReference = 9A980BF31B83F4FF00E849EA /* ParseXMLTests.xctest */;
			productType = "com.apple.product-type.bundle.unit-test";
		};
/* End PBXNativeTarget section */

/* Begin PBXProject section */
		9A980BD61B83F4FF00E849EA /* Project object */ = {
			isa = PBXProject;
			attributes = {
				LastUpgradeCheck = 0640;
				ORGANIZATIONNAME = iai;
				TargetAttributes = {
					9A980BDD1B83F4FF00E849EA = {
						CreatedOnToolsVersion = 6.4;
					};
					9A980BF21B83F4FF00E849EA = {
						CreatedOnToolsVersion = 6.4;
						TestTargetID = 9A980BDD1B83F4FF00E849EA;
					};
				};
			};
			buildConfigurationList = 9A980BD91B83F4FF00E849EA /* Build configuration list for PBXProject "ParseXML" */;
			compatibilityVersion = "Xcode 3.2";
			developmentRegion = English;
			hasScannedForEncodings = 0;
			knownRegions = (
				en,
				Base,
			);
			mainGroup = 9A980BD51B83F4FF00E849EA;
			productRefGroup = 9A980BDF1B83F4FF00E849EA /* Products */;
			projectDirPath = "";
			projectRoot = "";
			targets = (
				9A980BDD1B83F4FF00E849EA /* ParseXML */,
				9A980BF21B83F4FF00E849EA /* ParseXMLTests */,
			);
		};
/* End PBXProject section */

/* Begin PBXResourcesBuildPhase section */
		9A980BDC1B83F4FF00E849EA /* Resources */ = {
			isa = PBXResourcesBuildPhase;
			buildActionMask = 2147483647;
			files = (
				9A980BE91B83F4FF00E849EA /* Main.storyboard in Resources */,
				9A980BEE1B83F4FF00E849EA /* LaunchScreen.xib in Resources */,
				9A980BEB1B83F4FF00E849EA /* Images.xcassets in Resources */,
			);
			runOnlyForDeploymentPostprocessing = 0;
		};
		9A980BF11B83F4FF00E849EA /* Resources */ = {
			isa = PBXResourcesBuildPhase;
			buildActionMask = 2147483647;
			files = (
			);
			runOnlyForDeploymentPostprocessing = 0;
		};
/* End PBXResourcesBuildPhase section */

/* Begin PBXSourcesBuildPhase section */
		9A980BDA1B83F4FF00E849EA /* Sources */ = {
			isa = PBXSourcesBuildPhase;
			buildActionMask = 2147483647;
			files = (
				9A980BE61B83F4FF00E849EA /* ViewController.swift in Sources */,
				9A980BE41B83F4FF00E849EA /* AppDelegate.swift in Sources */,
			);
			runOnlyForDeploymentPostprocessing = 0;
		};
		9A980BEF1B83F4FF00E849EA /* Sources */ = {
			isa = PBXSourcesBuildPhase;
			buildActionMask = 2147483647;
			files = (
				9A980BFA1B83F4FF00E849EA /* ParseXMLTests.swift in Sources */,
			);
			runOnlyForDeploymentPostprocessing = 0;
		};
/* End PBXSourcesBuildPhase section */

/* Begin PBXTargetDependency section */
		9A980BF51B83F4FF00E849EA /* PBXTargetDependency */ = {
			isa = PBXTargetDependency;
			target = 9A980BDD1B83F4FF00E849EA /* ParseXML */;
			targetProxy = 9A980BF41B83F4FF00E849EA /* PBXContainerItemProxy */;
		};
/* End PBXTargetDependency section */

/* Begin PBXVariantGroup section */
		9A980BE71B83F4FF00E849EA /* Main.storyboard */ = {
			isa = PBXVariantGroup;
			children = (
				9A980BE81B83F4FF00E849EA /* Base */,
			);
			name = Main.storyboard;
			sourceTree = "<group>";
		};
		9A980BEC1B83F4FF00E849EA /* LaunchScreen.xib */ = {
			isa = PBXVariantGroup;
			children = (
				9A980BED1B83F4FF00E849EA /* Base */,
			);
			name = LaunchScreen.xib;
			sourceTree = "<group>";
		};
/* End PBXVariantGroup section */

/* Begin XCBuildConfiguration section */
		9A980BFB1B83F4FF00E849EA /* Debug */ = {
			isa = XCBuildConfiguration;
			buildSettings = {
				ALWAYS_SEARCH_USER_PATHS = NO;
				CLANG_CXX_LANGUAGE_STANDARD = "gnu++0x";
				CLANG_CXX_LIBRARY = "libc++";
				CLANG_ENABLE_MODULES = YES;
				CLANG_ENABLE_OBJC_ARC = YES;
				CLANG_WARN_BOOL_CONVERSION = YES;
				CLANG_WARN_CONSTANT_CONVERSION = YES;
				CLANG_WARN_DIRECT_OBJC_ISA_USAGE = YES_ERROR;
				CLANG_WARN_EMPTY_BODY = YES;
				CLANG_WARN_ENUM_CONVERSION = YES;
				CLANG_WARN_INT_CONVERSION = YES;
				CLANG_WARN_OBJC_ROOT_CLASS = YES_ERROR;
				CLANG_WARN_UNREACHABLE_CODE = YES;
				CLANG_WARN__DUPLICATE_METHOD_MATCH = YES;
				"CODE_SIGN_IDENTITY[sdk=iphoneos*]" = "iPhone Developer";
				COPY_PHASE_STRIP = NO;
				DEBUG_INFORMATION_FORMAT = "dwarf-with-dsym";
				ENABLE_STRICT_OBJC_MSGSEND = YES;
				GCC_C_LANGUAGE_STANDARD = gnu99;
				GCC_DYNAMIC_NO_PIC = NO;
				GCC_NO_COMMON_BLOCKS = YES;
				GCC_OPTIMIZATION_LEVEL = 0;
				GCC_PREPROCESSOR_DEFINITIONS = (
					"DEBUG=1",
					"$(inherited)",
				);
				GCC_SYMBOLS_PRIVATE_EXTERN = NO;
				GCC_WARN_64_TO_32_BIT_CONVERSION = YES;
				GCC_WARN_ABOUT_RETURN_TYPE = YES_ERROR;
				GCC_WARN_UNDECLARED_SELECTOR = YES;
				GCC_WARN_UNINITIALIZED_AUTOS = YES_AGGRESSIVE;
				GCC_WARN_UNUSED_FUNCTION = YES;
				GCC_WARN_UNUSED_VARIABLE = YES;
				IPHONEOS_DEPLOYMENT_TARGET = 8.4;
				MTL_ENABLE_DEBUG_INFO = YES;
				ONLY_ACTIVE_ARCH = YES;
				SDKROOT = iphoneos;
				SWIFT_OPTIMIZATION_LEVEL = "-Onone";
				TARGETED_DEVICE_FAMILY = "1,2";
			};
			name = Debug;
		};
		9A980BFC1B83F4FF00E849EA /* Release */ = {
			isa = XCBuildConfiguration;
			buildSettings = {
				ALWAYS_SEARCH_USER_PATHS = NO;
				CLANG_CXX_LANGUAGE_STANDARD = "gnu++0x";
				CLANG_CXX_LIBRARY = "libc++";
				CLANG_ENABLE_MODULES = YES;
				CLANG_ENABLE_OBJC_ARC = YES;
				CLANG_WARN_BOOL_CONVERSION = YES;
				CLANG_WARN_CONSTANT_CONVERSION = YES;
				CLANG_WARN_DIRECT_OBJC_ISA_USAGE = YES_ERROR;
				CLANG_WARN_EMPTY_BODY = YES;
				CLANG_WARN_ENUM_CONVERSION = YES;
				CLANG_WARN_INT_CONVERSION = YES;
				CLANG_WARN_OBJC_ROOT_CLASS = YES_ERROR;
				CLANG_WARN_UNREACHABLE_CODE = YES;
				CLANG_WARN__DUPLICATE_METHOD_MATCH = YES;
				"CODE_SIGN_IDENTITY[sdk=iphoneos*]" = "iPhone Developer";
				COPY_PHASE_STRIP = NO;
				DEBUG_INFORMATION_FORMAT = "dwarf-with-dsym";
				ENABLE_NS_ASSERTIONS = NO;
				ENABLE_STRICT_OBJC_MSGSEND = YES;
				GCC_C_LANGUAGE_STANDARD = gnu99;
				GCC_NO_COMMON_BLOCKS = YES;
				GCC_WARN_64_TO_32_BIT_CONVERSION = YES;
				GCC_WARN_ABOUT_RETURN_TYPE = YES_ERROR;
				GCC_WARN_UNDECLARED_SELECTOR = YES;
				GCC_WARN_UNINITIALIZED_AUTOS = YES_AGGRESSIVE;
				GCC_WARN_UNUSED_FUNCTION = YES;
				GCC_WARN_UNUSED_VARIABLE = YES;
				IPHONEOS_DEPLOYMENT_TARGET = 8.4;
				MTL_ENABLE_DEBUG_INFO = NO;
				SDKROOT = iphoneos;
				TARGETED_DEVICE_FAMILY = "1,2";
				VALIDATE_PRODUCT = YES;
			};
			name = Release;
		};
		9A980BFE1B83F4FF00E849EA /* Debug */ = {
			isa = XCBuildConfiguration;
			buildSettings = {
				ASSETCATALOG_COMPILER_APPICON_NAME = AppIcon;
				INFOPLIST_FILE = ParseXML/Info.plist;
				LD_RUNPATH_SEARCH_PATHS = "$(inherited) @executable_path/Frameworks";
				PRODUCT_NAME = "$(TARGET_NAME)";
			};
			name = Debug;
		};
		9A980BFF1B83F4FF00E849EA /* Release */ = {
			isa = XCBuildConfiguration;
			buildSettings = {
				ASSETCATALOG_COMPILER_APPICON_NAME = AppIcon;
				INFOPLIST_FILE = ParseXML/Info.plist;
				LD_RUNPATH_SEARCH_PATHS = "$(inherited) @executable_path/Frameworks";
				PRODUCT_NAME = "$(TARGET_NAME)";
			};
			name = Release;
		};
		9A980C011B83F4FF00E849EA /* Debug */ = {
			isa = XCBuildConfiguration;
			buildSettings = {
				BUNDLE_LOADER = "$(TEST_HOST)";
				FRAMEWORK_SEARCH_PATHS = (
					"$(SDKROOT)/Developer/Library/Frameworks",
					"$(inherited)",
				);
				GCC_PREPROCESSOR_DEFINITIONS = (
					"DEBUG=1",
					"$(inherited)",
				);
				INFOPLIST_FILE = ParseXMLTests/Info.plist;
				LD_RUNPATH_SEARCH_PATHS = "$(inherited) @executable_path/Frameworks @loader_path/Frameworks";
				PRODUCT_NAME = "$(TARGET_NAME)";
				TEST_HOST = "$(BUILT_PRODUCTS_DIR)/ParseXML.app/ParseXML";
			};
			name = Debug;
		};
		9A980C021B83F4FF00E849EA /* Release */ = {
			isa = XCBuildConfiguration;
			buildSettings = {
				BUNDLE_LOADER = "$(TEST_HOST)";
				FRAMEWORK_SEARCH_PATHS = (
					"$(SDKROOT)/Developer/Library/Frameworks",
					"$(inherited)",
				);
				INFOPLIST_FILE = ParseXMLTests/Info.plist;
				LD_RUNPATH_SEARCH_PATHS = "$(inherited) @executable_path/Frameworks @loader_path/Frameworks";
				PRODUCT_NAME = "$(TARGET_NAME)";
				TEST_HOST = "$(BUILT_PRODUCTS_DIR)/ParseXML.app/ParseXML";
			};
			name = Release;
		};
/* End XCBuildConfiguration section */

/* Begin XCConfigurationList section */
		9A980BD91B83F4FF00E849EA /* Build configuration list for PBXProject "ParseXML" */ = {
			isa = XCConfigurationList;
			buildConfigurations = (
				9A980BFB1B83F4FF00E849EA /* Debug */,
				9A980BFC1B83F4FF00E849EA /* Release */,
			);
			defaultConfigurationIsVisible = 0;
			defaultConfigurationName = Release;
		};
		9A980BFD1B83F4FF00E849EA /* Build configuration list for PBXNativeTarget "ParseXML" */ = {
			isa = XCConfigurationList;
			buildConfigurations = (
				9A980BFE1B83F4FF00E849EA /* Debug */,
				9A980BFF1B83F4FF00E849EA /* Release */,
			);
			defaultConfigurationIsVisible = 0;
		};
		9A980C001B83F4FF00E849EA /* Build configuration list for PBXNativeTarget "ParseXMLTests" */ = {
			isa = XCConfigurationList;
			buildConfigurations = (
				9A980C011B83F4FF00E849EA /* Debug */,
				9A980C021B83F4FF00E849EA /* Release */,
			);
			defaultConfigurationIsVisible = 0;
		};
/* End XCConfigurationList section */
	};
	rootObject = 9A980BD61B83F4FF00E849EA /* Project object */;
}
